// !$*UTF8*$!
{
	archiveVersion = 1;
	classes = {
	};
	objectVersion = 46;
	objects = {

/* Begin PBXBuildFile section */
		75036FC11CD540F10017DC04 /* FSTUFF_MacAppDelegate.m in Sources */ = {isa = PBXBuildFile; fileRef = 75036FC01CD540F10017DC04 /* FSTUFF_MacAppDelegate.m */; };
		75036FC41CD540F10017DC04 /* FSTUFF_MacMain.m in Sources */ = {isa = PBXBuildFile; fileRef = 75036FC31CD540F10017DC04 /* FSTUFF_MacMain.m */; };
		75036FC91CD540F10017DC04 /* FSTUFF_AppleMetalShaders.metal in Sources */ = {isa = PBXBuildFile; fileRef = 75036FC81CD540F10017DC04 /* FSTUFF_AppleMetalShaders.metal */; };
		75036FCC1CD540F10017DC04 /* FSTUFF_MacAppAssets.xcassets in Resources */ = {isa = PBXBuildFile; fileRef = 75036FCB1CD540F10017DC04 /* FSTUFF_MacAppAssets.xcassets */; };
		75036FCF1CD540F10017DC04 /* FSTUFF_MacMainMenu.xib in Resources */ = {isa = PBXBuildFile; fileRef = 75036FCD1CD540F10017DC04 /* FSTUFF_MacMainMenu.xib */; };
		755856161CDFC96F00FC8EA4 /* chipmunk.c in Sources */ = {isa = PBXBuildFile; fileRef = 755855F61CDFC96F00FC8EA4 /* chipmunk.c */; };
		755856171CDFC96F00FC8EA4 /* cpArbiter.c in Sources */ = {isa = PBXBuildFile; fileRef = 755855F71CDFC96F00FC8EA4 /* cpArbiter.c */; };
		755856181CDFC96F00FC8EA4 /* cpArray.c in Sources */ = {isa = PBXBuildFile; fileRef = 755855F81CDFC96F00FC8EA4 /* cpArray.c */; };
		755856191CDFC96F00FC8EA4 /* cpBBTree.c in Sources */ = {isa = PBXBuildFile; fileRef = 755855F91CDFC96F00FC8EA4 /* cpBBTree.c */; };
		7558561A1CDFC96F00FC8EA4 /* cpBody.c in Sources */ = {isa = PBXBuildFile; fileRef = 755855FA1CDFC96F00FC8EA4 /* cpBody.c */; };
		7558561B1CDFC96F00FC8EA4 /* cpCollision.c in Sources */ = {isa = PBXBuildFile; fileRef = 755855FB1CDFC96F00FC8EA4 /* cpCollision.c */; };
		7558561C1CDFC96F00FC8EA4 /* cpConstraint.c in Sources */ = {isa = PBXBuildFile; fileRef = 755855FC1CDFC96F00FC8EA4 /* cpConstraint.c */; };
		7558561D1CDFC96F00FC8EA4 /* cpDampedRotarySpring.c in Sources */ = {isa = PBXBuildFile; fileRef = 755855FD1CDFC96F00FC8EA4 /* cpDampedRotarySpring.c */; };
		7558561E1CDFC96F00FC8EA4 /* cpDampedSpring.c in Sources */ = {isa = PBXBuildFile; fileRef = 755855FE1CDFC96F00FC8EA4 /* cpDampedSpring.c */; };
		7558561F1CDFC96F00FC8EA4 /* cpGearJoint.c in Sources */ = {isa = PBXBuildFile; fileRef = 755855FF1CDFC96F00FC8EA4 /* cpGearJoint.c */; };
		755856201CDFC96F00FC8EA4 /* cpGrooveJoint.c in Sources */ = {isa = PBXBuildFile; fileRef = 755856001CDFC96F00FC8EA4 /* cpGrooveJoint.c */; };
		755856211CDFC96F00FC8EA4 /* cpHashSet.c in Sources */ = {isa = PBXBuildFile; fileRef = 755856011CDFC96F00FC8EA4 /* cpHashSet.c */; };
		755856221CDFC96F00FC8EA4 /* cpHastySpace.c in Sources */ = {isa = PBXBuildFile; fileRef = 755856021CDFC96F00FC8EA4 /* cpHastySpace.c */; };
		755856231CDFC96F00FC8EA4 /* cpMarch.c in Sources */ = {isa = PBXBuildFile; fileRef = 755856031CDFC96F00FC8EA4 /* cpMarch.c */; };
		755856241CDFC96F00FC8EA4 /* cpPinJoint.c in Sources */ = {isa = PBXBuildFile; fileRef = 755856041CDFC96F00FC8EA4 /* cpPinJoint.c */; };
		755856251CDFC96F00FC8EA4 /* cpPivotJoint.c in Sources */ = {isa = PBXBuildFile; fileRef = 755856051CDFC96F00FC8EA4 /* cpPivotJoint.c */; };
		755856261CDFC96F00FC8EA4 /* cpPolyline.c in Sources */ = {isa = PBXBuildFile; fileRef = 755856061CDFC96F00FC8EA4 /* cpPolyline.c */; };
		755856271CDFC96F00FC8EA4 /* cpPolyShape.c in Sources */ = {isa = PBXBuildFile; fileRef = 755856071CDFC96F00FC8EA4 /* cpPolyShape.c */; };
		755856281CDFC96F00FC8EA4 /* cpRatchetJoint.c in Sources */ = {isa = PBXBuildFile; fileRef = 755856081CDFC96F00FC8EA4 /* cpRatchetJoint.c */; };
		755856291CDFC96F00FC8EA4 /* cpRobust.c in Sources */ = {isa = PBXBuildFile; fileRef = 755856091CDFC96F00FC8EA4 /* cpRobust.c */; };
		7558562A1CDFC96F00FC8EA4 /* cpRotaryLimitJoint.c in Sources */ = {isa = PBXBuildFile; fileRef = 7558560A1CDFC96F00FC8EA4 /* cpRotaryLimitJoint.c */; };
		7558562B1CDFC96F00FC8EA4 /* cpShape.c in Sources */ = {isa = PBXBuildFile; fileRef = 7558560B1CDFC96F00FC8EA4 /* cpShape.c */; };
		7558562C1CDFC96F00FC8EA4 /* cpSimpleMotor.c in Sources */ = {isa = PBXBuildFile; fileRef = 7558560C1CDFC96F00FC8EA4 /* cpSimpleMotor.c */; };
		7558562D1CDFC96F00FC8EA4 /* cpSlideJoint.c in Sources */ = {isa = PBXBuildFile; fileRef = 7558560D1CDFC96F00FC8EA4 /* cpSlideJoint.c */; };
		7558562E1CDFC96F00FC8EA4 /* cpSpace.c in Sources */ = {isa = PBXBuildFile; fileRef = 7558560E1CDFC96F00FC8EA4 /* cpSpace.c */; };
		7558562F1CDFC96F00FC8EA4 /* cpSpaceComponent.c in Sources */ = {isa = PBXBuildFile; fileRef = 7558560F1CDFC96F00FC8EA4 /* cpSpaceComponent.c */; };
		755856301CDFC96F00FC8EA4 /* cpSpaceDebug.c in Sources */ = {isa = PBXBuildFile; fileRef = 755856101CDFC96F00FC8EA4 /* cpSpaceDebug.c */; };
		755856311CDFC96F00FC8EA4 /* cpSpaceHash.c in Sources */ = {isa = PBXBuildFile; fileRef = 755856111CDFC96F00FC8EA4 /* cpSpaceHash.c */; };
		755856321CDFC96F00FC8EA4 /* cpSpaceQuery.c in Sources */ = {isa = PBXBuildFile; fileRef = 755856121CDFC96F00FC8EA4 /* cpSpaceQuery.c */; };
		755856331CDFC96F00FC8EA4 /* cpSpaceStep.c in Sources */ = {isa = PBXBuildFile; fileRef = 755856131CDFC96F00FC8EA4 /* cpSpaceStep.c */; };
		755856341CDFC96F00FC8EA4 /* cpSpatialIndex.c in Sources */ = {isa = PBXBuildFile; fileRef = 755856141CDFC96F00FC8EA4 /* cpSpatialIndex.c */; };
		755856351CDFC96F00FC8EA4 /* cpSweep1D.c in Sources */ = {isa = PBXBuildFile; fileRef = 755856151CDFC96F00FC8EA4 /* cpSweep1D.c */; };
		7568CB04200FD06200FF086C /* FSTUFF_Constants.h in Headers */ = {isa = PBXBuildFile; fileRef = 7568CB03200FD06200FF086C /* FSTUFF_Constants.h */; };
		7568CB06200FD88A00FF086C /* FSTUFF_Apple.h in Headers */ = {isa = PBXBuildFile; fileRef = 7568CB05200FD88A00FF086C /* FSTUFF_Apple.h */; };
		7568CB08200FE97300FF086C /* GLKit.framework in Frameworks */ = {isa = PBXBuildFile; fileRef = 7568CB07200FE97300FF086C /* GLKit.framework */; };
		7568CB0A200FE97700FF086C /* MetalKit.framework in Frameworks */ = {isa = PBXBuildFile; fileRef = 7568CB09200FE97700FF086C /* MetalKit.framework */; };
		7568CB0B200FE99500FF086C /* FSTUFF_iOSAppDelegate.m in Sources */ = {isa = PBXBuildFile; fileRef = 75DE2F2D1CFCCD4C0052F8C1 /* FSTUFF_iOSAppDelegate.m */; };
		7568CB0D200FEA5900FF086C /* Main.storyboard in Resources */ = {isa = PBXBuildFile; fileRef = 7568CB0C200FEA5900FF086C /* Main.storyboard */; };
		7568CBAE201121DB00FF086C /* imgui.cpp in Sources */ = {isa = PBXBuildFile; fileRef = 7568CB1F201121BE00FF086C /* imgui.cpp */; };
		7568CBAF2011220900FF086C /* imgui_draw.cpp in Sources */ = {isa = PBXBuildFile; fileRef = 7568CBA7201121BE00FF086C /* imgui_draw.cpp */; };
		7568CBB02011222E00FF086C /* imgui_demo.cpp in Sources */ = {isa = PBXBuildFile; fileRef = 7568CBA6201121BE00FF086C /* imgui_demo.cpp */; };
		7568CBB3201122E200FF086C /* imgui_impl_mtl.mm in Sources */ = {isa = PBXBuildFile; fileRef = 7568CBB1201122E200FF086C /* imgui_impl_mtl.mm */; };
		756C8E4F200DB05C0019EA70 /* FSTUFF.cpp in Sources */ = {isa = PBXBuildFile; fileRef = 756C8E4E200DB05C0019EA70 /* FSTUFF.cpp */; };
		756C8E50200DB05C0019EA70 /* FSTUFF.cpp in Sources */ = {isa = PBXBuildFile; fileRef = 756C8E4E200DB05C0019EA70 /* FSTUFF.cpp */; };
		756C8E51200DB05C0019EA70 /* FSTUFF.cpp in Sources */ = {isa = PBXBuildFile; fileRef = 756C8E4E200DB05C0019EA70 /* FSTUFF.cpp */; };
		756C8E52200DB05C0019EA70 /* FSTUFF.cpp in Sources */ = {isa = PBXBuildFile; fileRef = 756C8E4E200DB05C0019EA70 /* FSTUFF.cpp */; };
		759DFD061FF58EEC00F1B2D8 /* FallingStuff_OSXScreenSaverView.h in Headers */ = {isa = PBXBuildFile; fileRef = 759DFD051FF58EEC00F1B2D8 /* FallingStuff_OSXScreenSaverView.h */; };
		759DFD081FF58EEC00F1B2D8 /* FallingStuff_OSXScreenSaverView.mm in Sources */ = {isa = PBXBuildFile; fileRef = 759DFD071FF58EEC00F1B2D8 /* FallingStuff_OSXScreenSaverView.mm */; };
		759DFD101FF5901100F1B2D8 /* FallingStuff_OSXScreenSaver.saver in CopyFiles */ = {isa = PBXBuildFile; fileRef = 759DFD031FF58EEC00F1B2D8 /* FallingStuff_OSXScreenSaver.saver */; settings = {ATTRIBUTES = (CodeSignOnCopy, RemoveHeadersOnCopy, ); }; };
		759DFD121FF5987A00F1B2D8 /* chipmunk.c in Sources */ = {isa = PBXBuildFile; fileRef = 755855F61CDFC96F00FC8EA4 /* chipmunk.c */; };
		759DFD131FF5987A00F1B2D8 /* cpArbiter.c in Sources */ = {isa = PBXBuildFile; fileRef = 755855F71CDFC96F00FC8EA4 /* cpArbiter.c */; };
		759DFD141FF5987A00F1B2D8 /* cpArray.c in Sources */ = {isa = PBXBuildFile; fileRef = 755855F81CDFC96F00FC8EA4 /* cpArray.c */; };
		759DFD151FF5987A00F1B2D8 /* cpBBTree.c in Sources */ = {isa = PBXBuildFile; fileRef = 755855F91CDFC96F00FC8EA4 /* cpBBTree.c */; };
		759DFD161FF5987A00F1B2D8 /* cpBody.c in Sources */ = {isa = PBXBuildFile; fileRef = 755855FA1CDFC96F00FC8EA4 /* cpBody.c */; };
		759DFD171FF5987A00F1B2D8 /* cpCollision.c in Sources */ = {isa = PBXBuildFile; fileRef = 755855FB1CDFC96F00FC8EA4 /* cpCollision.c */; };
		759DFD181FF5987A00F1B2D8 /* cpConstraint.c in Sources */ = {isa = PBXBuildFile; fileRef = 755855FC1CDFC96F00FC8EA4 /* cpConstraint.c */; };
		759DFD191FF5987A00F1B2D8 /* cpDampedRotarySpring.c in Sources */ = {isa = PBXBuildFile; fileRef = 755855FD1CDFC96F00FC8EA4 /* cpDampedRotarySpring.c */; };
		759DFD1A1FF5987A00F1B2D8 /* cpDampedSpring.c in Sources */ = {isa = PBXBuildFile; fileRef = 755855FE1CDFC96F00FC8EA4 /* cpDampedSpring.c */; };
		759DFD1B1FF5987A00F1B2D8 /* cpGearJoint.c in Sources */ = {isa = PBXBuildFile; fileRef = 755855FF1CDFC96F00FC8EA4 /* cpGearJoint.c */; };
		759DFD1C1FF5987A00F1B2D8 /* cpGrooveJoint.c in Sources */ = {isa = PBXBuildFile; fileRef = 755856001CDFC96F00FC8EA4 /* cpGrooveJoint.c */; };
		759DFD1D1FF5987A00F1B2D8 /* cpHashSet.c in Sources */ = {isa = PBXBuildFile; fileRef = 755856011CDFC96F00FC8EA4 /* cpHashSet.c */; };
		759DFD1E1FF5987A00F1B2D8 /* cpHastySpace.c in Sources */ = {isa = PBXBuildFile; fileRef = 755856021CDFC96F00FC8EA4 /* cpHastySpace.c */; };
		759DFD1F1FF5987A00F1B2D8 /* cpMarch.c in Sources */ = {isa = PBXBuildFile; fileRef = 755856031CDFC96F00FC8EA4 /* cpMarch.c */; };
		759DFD201FF5987A00F1B2D8 /* cpPinJoint.c in Sources */ = {isa = PBXBuildFile; fileRef = 755856041CDFC96F00FC8EA4 /* cpPinJoint.c */; };
		759DFD211FF5987A00F1B2D8 /* cpPivotJoint.c in Sources */ = {isa = PBXBuildFile; fileRef = 755856051CDFC96F00FC8EA4 /* cpPivotJoint.c */; };
		759DFD221FF5987A00F1B2D8 /* cpPolyline.c in Sources */ = {isa = PBXBuildFile; fileRef = 755856061CDFC96F00FC8EA4 /* cpPolyline.c */; };
		759DFD231FF5987A00F1B2D8 /* cpPolyShape.c in Sources */ = {isa = PBXBuildFile; fileRef = 755856071CDFC96F00FC8EA4 /* cpPolyShape.c */; };
		759DFD241FF5987A00F1B2D8 /* cpRatchetJoint.c in Sources */ = {isa = PBXBuildFile; fileRef = 755856081CDFC96F00FC8EA4 /* cpRatchetJoint.c */; };
		759DFD251FF5987A00F1B2D8 /* cpRobust.c in Sources */ = {isa = PBXBuildFile; fileRef = 755856091CDFC96F00FC8EA4 /* cpRobust.c */; };
		759DFD261FF5987A00F1B2D8 /* cpRotaryLimitJoint.c in Sources */ = {isa = PBXBuildFile; fileRef = 7558560A1CDFC96F00FC8EA4 /* cpRotaryLimitJoint.c */; };
		759DFD271FF5987A00F1B2D8 /* cpShape.c in Sources */ = {isa = PBXBuildFile; fileRef = 7558560B1CDFC96F00FC8EA4 /* cpShape.c */; };
		759DFD281FF5987A00F1B2D8 /* cpSimpleMotor.c in Sources */ = {isa = PBXBuildFile; fileRef = 7558560C1CDFC96F00FC8EA4 /* cpSimpleMotor.c */; };
		759DFD291FF5987A00F1B2D8 /* cpSlideJoint.c in Sources */ = {isa = PBXBuildFile; fileRef = 7558560D1CDFC96F00FC8EA4 /* cpSlideJoint.c */; };
		759DFD2A1FF5987A00F1B2D8 /* cpSpace.c in Sources */ = {isa = PBXBuildFile; fileRef = 7558560E1CDFC96F00FC8EA4 /* cpSpace.c */; };
		759DFD2B1FF5987A00F1B2D8 /* cpSpaceComponent.c in Sources */ = {isa = PBXBuildFile; fileRef = 7558560F1CDFC96F00FC8EA4 /* cpSpaceComponent.c */; };
		759DFD2C1FF5987A00F1B2D8 /* cpSpaceDebug.c in Sources */ = {isa = PBXBuildFile; fileRef = 755856101CDFC96F00FC8EA4 /* cpSpaceDebug.c */; };
		759DFD2D1FF5987A00F1B2D8 /* cpSpaceHash.c in Sources */ = {isa = PBXBuildFile; fileRef = 755856111CDFC96F00FC8EA4 /* cpSpaceHash.c */; };
		759DFD2E1FF5987A00F1B2D8 /* cpSpaceQuery.c in Sources */ = {isa = PBXBuildFile; fileRef = 755856121CDFC96F00FC8EA4 /* cpSpaceQuery.c */; };
		759DFD2F1FF5987A00F1B2D8 /* cpSpaceStep.c in Sources */ = {isa = PBXBuildFile; fileRef = 755856131CDFC96F00FC8EA4 /* cpSpaceStep.c */; };
		759DFD301FF5987A00F1B2D8 /* cpSpatialIndex.c in Sources */ = {isa = PBXBuildFile; fileRef = 755856141CDFC96F00FC8EA4 /* cpSpatialIndex.c */; };
		759DFD311FF5987A00F1B2D8 /* cpSweep1D.c in Sources */ = {isa = PBXBuildFile; fileRef = 755856151CDFC96F00FC8EA4 /* cpSweep1D.c */; };
		759DFD351FF598A000F1B2D8 /* FSTUFF_Apple.mm in Sources */ = {isa = PBXBuildFile; fileRef = 75ADD63B1D035EB20042FC3A /* FSTUFF_Apple.mm */; };
		759DFD381FF598E000F1B2D8 /* MetalKit.framework in Frameworks */ = {isa = PBXBuildFile; fileRef = 75B3913F1CD67637000F6E1E /* MetalKit.framework */; };
		759DFD3A1FF5996D00F1B2D8 /* Metal.framework in Frameworks */ = {isa = PBXBuildFile; fileRef = 759DFD391FF5996D00F1B2D8 /* Metal.framework */; };
		759DFD3C1FF5997C00F1B2D8 /* AppKit.framework in Frameworks */ = {isa = PBXBuildFile; fileRef = 759DFD3B1FF5997C00F1B2D8 /* AppKit.framework */; };
		759DFD3E1FF5998800F1B2D8 /* ScreenSaver.framework in Frameworks */ = {isa = PBXBuildFile; fileRef = 759DFD3D1FF5998800F1B2D8 /* ScreenSaver.framework */; };
		759DFD401FF96CCE00F1B2D8 /* FSTUFF_AppleMetalShaders.metal in Sources */ = {isa = PBXBuildFile; fileRef = 75036FC81CD540F10017DC04 /* FSTUFF_AppleMetalShaders.metal */; };
		759E7D4C2191FEE400B679E4 /* FSTUFF_AppleMetal.mm in Sources */ = {isa = PBXBuildFile; fileRef = 759E7D4A2191FEE400B679E4 /* FSTUFF_AppleMetal.mm */; };
		759E7D4D2191FEE400B679E4 /* FSTUFF_AppleMetal.mm in Sources */ = {isa = PBXBuildFile; fileRef = 759E7D4A2191FEE400B679E4 /* FSTUFF_AppleMetal.mm */; };
		759E7D4E2191FEE400B679E4 /* FSTUFF_AppleMetal.mm in Sources */ = {isa = PBXBuildFile; fileRef = 759E7D4A2191FEE400B679E4 /* FSTUFF_AppleMetal.mm */; };
		759E7D4F2191FEE400B679E4 /* FSTUFF_AppleMetal.mm in Sources */ = {isa = PBXBuildFile; fileRef = 759E7D4A2191FEE400B679E4 /* FSTUFF_AppleMetal.mm */; };
		759E7D502191FEE400B679E4 /* FSTUFF_AppleMetal.h in Headers */ = {isa = PBXBuildFile; fileRef = 759E7D4B2191FEE400B679E4 /* FSTUFF_AppleMetal.h */; };
		75ADD5FF1D035AB10042FC3A /* main.m in Sources */ = {isa = PBXBuildFile; fileRef = 75ADD5FE1D035AB10042FC3A /* main.m */; };
		75ADD6021D035AB10042FC3A /* FSTUFF_MacAppDelegate.m in Sources */ = {isa = PBXBuildFile; fileRef = 75ADD6011D035AB10042FC3A /* FSTUFF_MacAppDelegate.m */; };
		75ADD6091D035AB10042FC3A /* FSTUFF_AppleGL.mm in Sources */ = {isa = PBXBuildFile; fileRef = 75ADD6081D035AB10042FC3A /* FSTUFF_AppleGL.mm */; };
		75ADD60E1D035AB10042FC3A /* Assets.xcassets in Resources */ = {isa = PBXBuildFile; fileRef = 75ADD60D1D035AB10042FC3A /* Assets.xcassets */; };
		75ADD6111D035AB10042FC3A /* LaunchScreen.storyboard in Resources */ = {isa = PBXBuildFile; fileRef = 75ADD60F1D035AB10042FC3A /* LaunchScreen.storyboard */; };
		75ADD6181D035B600042FC3A /* chipmunk.c in Sources */ = {isa = PBXBuildFile; fileRef = 755855F61CDFC96F00FC8EA4 /* chipmunk.c */; };
		75ADD6191D035B600042FC3A /* cpArbiter.c in Sources */ = {isa = PBXBuildFile; fileRef = 755855F71CDFC96F00FC8EA4 /* cpArbiter.c */; };
		75ADD61A1D035B600042FC3A /* cpArray.c in Sources */ = {isa = PBXBuildFile; fileRef = 755855F81CDFC96F00FC8EA4 /* cpArray.c */; };
		75ADD61B1D035B600042FC3A /* cpBBTree.c in Sources */ = {isa = PBXBuildFile; fileRef = 755855F91CDFC96F00FC8EA4 /* cpBBTree.c */; };
		75ADD61C1D035B600042FC3A /* cpBody.c in Sources */ = {isa = PBXBuildFile; fileRef = 755855FA1CDFC96F00FC8EA4 /* cpBody.c */; };
		75ADD61D1D035B600042FC3A /* cpCollision.c in Sources */ = {isa = PBXBuildFile; fileRef = 755855FB1CDFC96F00FC8EA4 /* cpCollision.c */; };
		75ADD61E1D035B600042FC3A /* cpConstraint.c in Sources */ = {isa = PBXBuildFile; fileRef = 755855FC1CDFC96F00FC8EA4 /* cpConstraint.c */; };
		75ADD61F1D035B600042FC3A /* cpDampedRotarySpring.c in Sources */ = {isa = PBXBuildFile; fileRef = 755855FD1CDFC96F00FC8EA4 /* cpDampedRotarySpring.c */; };
		75ADD6201D035B600042FC3A /* cpDampedSpring.c in Sources */ = {isa = PBXBuildFile; fileRef = 755855FE1CDFC96F00FC8EA4 /* cpDampedSpring.c */; };
		75ADD6211D035B600042FC3A /* cpGearJoint.c in Sources */ = {isa = PBXBuildFile; fileRef = 755855FF1CDFC96F00FC8EA4 /* cpGearJoint.c */; };
		75ADD6221D035B600042FC3A /* cpGrooveJoint.c in Sources */ = {isa = PBXBuildFile; fileRef = 755856001CDFC96F00FC8EA4 /* cpGrooveJoint.c */; };
		75ADD6231D035B600042FC3A /* cpHashSet.c in Sources */ = {isa = PBXBuildFile; fileRef = 755856011CDFC96F00FC8EA4 /* cpHashSet.c */; };
		75ADD6241D035B600042FC3A /* cpHastySpace.c in Sources */ = {isa = PBXBuildFile; fileRef = 755856021CDFC96F00FC8EA4 /* cpHastySpace.c */; };
		75ADD6251D035B600042FC3A /* cpMarch.c in Sources */ = {isa = PBXBuildFile; fileRef = 755856031CDFC96F00FC8EA4 /* cpMarch.c */; };
		75ADD6261D035B600042FC3A /* cpPinJoint.c in Sources */ = {isa = PBXBuildFile; fileRef = 755856041CDFC96F00FC8EA4 /* cpPinJoint.c */; };
		75ADD6271D035B600042FC3A /* cpPivotJoint.c in Sources */ = {isa = PBXBuildFile; fileRef = 755856051CDFC96F00FC8EA4 /* cpPivotJoint.c */; };
		75ADD6281D035B600042FC3A /* cpPolyline.c in Sources */ = {isa = PBXBuildFile; fileRef = 755856061CDFC96F00FC8EA4 /* cpPolyline.c */; };
		75ADD6291D035B600042FC3A /* cpPolyShape.c in Sources */ = {isa = PBXBuildFile; fileRef = 755856071CDFC96F00FC8EA4 /* cpPolyShape.c */; };
		75ADD62A1D035B600042FC3A /* cpRatchetJoint.c in Sources */ = {isa = PBXBuildFile; fileRef = 755856081CDFC96F00FC8EA4 /* cpRatchetJoint.c */; };
		75ADD62B1D035B600042FC3A /* cpRobust.c in Sources */ = {isa = PBXBuildFile; fileRef = 755856091CDFC96F00FC8EA4 /* cpRobust.c */; };
		75ADD62C1D035B600042FC3A /* cpRotaryLimitJoint.c in Sources */ = {isa = PBXBuildFile; fileRef = 7558560A1CDFC96F00FC8EA4 /* cpRotaryLimitJoint.c */; };
		75ADD62D1D035B600042FC3A /* cpShape.c in Sources */ = {isa = PBXBuildFile; fileRef = 7558560B1CDFC96F00FC8EA4 /* cpShape.c */; };
		75ADD62E1D035B600042FC3A /* cpSimpleMotor.c in Sources */ = {isa = PBXBuildFile; fileRef = 7558560C1CDFC96F00FC8EA4 /* cpSimpleMotor.c */; };
		75ADD62F1D035B600042FC3A /* cpSlideJoint.c in Sources */ = {isa = PBXBuildFile; fileRef = 7558560D1CDFC96F00FC8EA4 /* cpSlideJoint.c */; };
		75ADD6301D035B600042FC3A /* cpSpace.c in Sources */ = {isa = PBXBuildFile; fileRef = 7558560E1CDFC96F00FC8EA4 /* cpSpace.c */; };
		75ADD6311D035B600042FC3A /* cpSpaceComponent.c in Sources */ = {isa = PBXBuildFile; fileRef = 7558560F1CDFC96F00FC8EA4 /* cpSpaceComponent.c */; };
		75ADD6321D035B600042FC3A /* cpSpaceDebug.c in Sources */ = {isa = PBXBuildFile; fileRef = 755856101CDFC96F00FC8EA4 /* cpSpaceDebug.c */; };
		75ADD6331D035B600042FC3A /* cpSpaceHash.c in Sources */ = {isa = PBXBuildFile; fileRef = 755856111CDFC96F00FC8EA4 /* cpSpaceHash.c */; };
		75ADD6341D035B600042FC3A /* cpSpaceQuery.c in Sources */ = {isa = PBXBuildFile; fileRef = 755856121CDFC96F00FC8EA4 /* cpSpaceQuery.c */; };
		75ADD6351D035B600042FC3A /* cpSpaceStep.c in Sources */ = {isa = PBXBuildFile; fileRef = 755856131CDFC96F00FC8EA4 /* cpSpaceStep.c */; };
		75ADD6361D035B600042FC3A /* cpSpatialIndex.c in Sources */ = {isa = PBXBuildFile; fileRef = 755856141CDFC96F00FC8EA4 /* cpSpatialIndex.c */; };
		75ADD6371D035B600042FC3A /* cpSweep1D.c in Sources */ = {isa = PBXBuildFile; fileRef = 755856151CDFC96F00FC8EA4 /* cpSweep1D.c */; };
		75ADD63C1D035EB20042FC3A /* FSTUFF_Apple.mm in Sources */ = {isa = PBXBuildFile; fileRef = 75ADD63B1D035EB20042FC3A /* FSTUFF_Apple.mm */; };
		75ADD63D1D035EB20042FC3A /* FSTUFF_Apple.mm in Sources */ = {isa = PBXBuildFile; fileRef = 75ADD63B1D035EB20042FC3A /* FSTUFF_Apple.mm */; };
		75ADD63E1D035EB20042FC3A /* FSTUFF_Apple.mm in Sources */ = {isa = PBXBuildFile; fileRef = 75ADD63B1D035EB20042FC3A /* FSTUFF_Apple.mm */; };
		75ADD6401D03600F0042FC3A /* libGBDeviceInfo.a in Frameworks */ = {isa = PBXBuildFile; fileRef = 75DE2F721CFCD3D60052F8C1 /* libGBDeviceInfo.a */; };
		75B391401CD67637000F6E1E /* MetalKit.framework in Frameworks */ = {isa = PBXBuildFile; fileRef = 75B3913F1CD67637000F6E1E /* MetalKit.framework */; };
		75DE2F2B1CFCCD4C0052F8C1 /* FSTUFF_iOSMain.m in Sources */ = {isa = PBXBuildFile; fileRef = 75DE2F2A1CFCCD4C0052F8C1 /* FSTUFF_iOSMain.m */; };
		75DE2F2E1CFCCD4C0052F8C1 /* FSTUFF_iOSAppDelegate.m in Sources */ = {isa = PBXBuildFile; fileRef = 75DE2F2D1CFCCD4C0052F8C1 /* FSTUFF_iOSAppDelegate.m */; };
		75DE2F371CFCCD4C0052F8C1 /* Main.storyboard in Resources */ = {isa = PBXBuildFile; fileRef = 75DE2F351CFCCD4C0052F8C1 /* Main.storyboard */; };
		75DE2F391CFCCD4C0052F8C1 /* Assets.xcassets in Resources */ = {isa = PBXBuildFile; fileRef = 75DE2F381CFCCD4C0052F8C1 /* Assets.xcassets */; };
		75DE2F3C1CFCCD4C0052F8C1 /* LaunchScreen.storyboard in Resources */ = {isa = PBXBuildFile; fileRef = 75DE2F3A1CFCCD4C0052F8C1 /* LaunchScreen.storyboard */; };
		75DE2F481CFCCE5C0052F8C1 /* FSTUFF_AppleMetalShaders.metal in Sources */ = {isa = PBXBuildFile; fileRef = 75036FC81CD540F10017DC04 /* FSTUFF_AppleMetalShaders.metal */; };
		75DE2F491CFCCE5C0052F8C1 /* FSTUFF_AppleMetalStructs.h in Sources */ = {isa = PBXBuildFile; fileRef = 75036FCA1CD540F10017DC04 /* FSTUFF_AppleMetalStructs.h */; };
		75DE2F4A1CFCCE710052F8C1 /* chipmunk.c in Sources */ = {isa = PBXBuildFile; fileRef = 755855F61CDFC96F00FC8EA4 /* chipmunk.c */; };
		75DE2F4B1CFCCE710052F8C1 /* cpArbiter.c in Sources */ = {isa = PBXBuildFile; fileRef = 755855F71CDFC96F00FC8EA4 /* cpArbiter.c */; };
		75DE2F4C1CFCCE710052F8C1 /* cpArray.c in Sources */ = {isa = PBXBuildFile; fileRef = 755855F81CDFC96F00FC8EA4 /* cpArray.c */; };
		75DE2F4D1CFCCE710052F8C1 /* cpBBTree.c in Sources */ = {isa = PBXBuildFile; fileRef = 755855F91CDFC96F00FC8EA4 /* cpBBTree.c */; };
		75DE2F4E1CFCCE710052F8C1 /* cpBody.c in Sources */ = {isa = PBXBuildFile; fileRef = 755855FA1CDFC96F00FC8EA4 /* cpBody.c */; };
		75DE2F4F1CFCCE710052F8C1 /* cpCollision.c in Sources */ = {isa = PBXBuildFile; fileRef = 755855FB1CDFC96F00FC8EA4 /* cpCollision.c */; };
		75DE2F501CFCCE710052F8C1 /* cpConstraint.c in Sources */ = {isa = PBXBuildFile; fileRef = 755855FC1CDFC96F00FC8EA4 /* cpConstraint.c */; };
		75DE2F511CFCCE710052F8C1 /* cpDampedRotarySpring.c in Sources */ = {isa = PBXBuildFile; fileRef = 755855FD1CDFC96F00FC8EA4 /* cpDampedRotarySpring.c */; };
		75DE2F521CFCCE710052F8C1 /* cpDampedSpring.c in Sources */ = {isa = PBXBuildFile; fileRef = 755855FE1CDFC96F00FC8EA4 /* cpDampedSpring.c */; };
		75DE2F531CFCCE710052F8C1 /* cpGearJoint.c in Sources */ = {isa = PBXBuildFile; fileRef = 755855FF1CDFC96F00FC8EA4 /* cpGearJoint.c */; };
		75DE2F541CFCCE710052F8C1 /* cpGrooveJoint.c in Sources */ = {isa = PBXBuildFile; fileRef = 755856001CDFC96F00FC8EA4 /* cpGrooveJoint.c */; };
		75DE2F551CFCCE710052F8C1 /* cpHashSet.c in Sources */ = {isa = PBXBuildFile; fileRef = 755856011CDFC96F00FC8EA4 /* cpHashSet.c */; };
		75DE2F561CFCCE710052F8C1 /* cpHastySpace.c in Sources */ = {isa = PBXBuildFile; fileRef = 755856021CDFC96F00FC8EA4 /* cpHastySpace.c */; };
		75DE2F571CFCCE710052F8C1 /* cpMarch.c in Sources */ = {isa = PBXBuildFile; fileRef = 755856031CDFC96F00FC8EA4 /* cpMarch.c */; };
		75DE2F581CFCCE710052F8C1 /* cpPinJoint.c in Sources */ = {isa = PBXBuildFile; fileRef = 755856041CDFC96F00FC8EA4 /* cpPinJoint.c */; };
		75DE2F591CFCCE710052F8C1 /* cpPivotJoint.c in Sources */ = {isa = PBXBuildFile; fileRef = 755856051CDFC96F00FC8EA4 /* cpPivotJoint.c */; };
		75DE2F5A1CFCCE710052F8C1 /* cpPolyline.c in Sources */ = {isa = PBXBuildFile; fileRef = 755856061CDFC96F00FC8EA4 /* cpPolyline.c */; };
		75DE2F5B1CFCCE710052F8C1 /* cpPolyShape.c in Sources */ = {isa = PBXBuildFile; fileRef = 755856071CDFC96F00FC8EA4 /* cpPolyShape.c */; };
		75DE2F5C1CFCCE710052F8C1 /* cpRatchetJoint.c in Sources */ = {isa = PBXBuildFile; fileRef = 755856081CDFC96F00FC8EA4 /* cpRatchetJoint.c */; };
		75DE2F5D1CFCCE710052F8C1 /* cpRobust.c in Sources */ = {isa = PBXBuildFile; fileRef = 755856091CDFC96F00FC8EA4 /* cpRobust.c */; };
		75DE2F5E1CFCCE710052F8C1 /* cpRotaryLimitJoint.c in Sources */ = {isa = PBXBuildFile; fileRef = 7558560A1CDFC96F00FC8EA4 /* cpRotaryLimitJoint.c */; };
		75DE2F5F1CFCCE710052F8C1 /* cpShape.c in Sources */ = {isa = PBXBuildFile; fileRef = 7558560B1CDFC96F00FC8EA4 /* cpShape.c */; };
		75DE2F601CFCCE710052F8C1 /* cpSimpleMotor.c in Sources */ = {isa = PBXBuildFile; fileRef = 7558560C1CDFC96F00FC8EA4 /* cpSimpleMotor.c */; };
		75DE2F611CFCCE710052F8C1 /* cpSlideJoint.c in Sources */ = {isa = PBXBuildFile; fileRef = 7558560D1CDFC96F00FC8EA4 /* cpSlideJoint.c */; };
		75DE2F621CFCCE710052F8C1 /* cpSpace.c in Sources */ = {isa = PBXBuildFile; fileRef = 7558560E1CDFC96F00FC8EA4 /* cpSpace.c */; };
		75DE2F631CFCCE710052F8C1 /* cpSpaceComponent.c in Sources */ = {isa = PBXBuildFile; fileRef = 7558560F1CDFC96F00FC8EA4 /* cpSpaceComponent.c */; };
		75DE2F641CFCCE710052F8C1 /* cpSpaceDebug.c in Sources */ = {isa = PBXBuildFile; fileRef = 755856101CDFC96F00FC8EA4 /* cpSpaceDebug.c */; };
		75DE2F651CFCCE710052F8C1 /* cpSpaceHash.c in Sources */ = {isa = PBXBuildFile; fileRef = 755856111CDFC96F00FC8EA4 /* cpSpaceHash.c */; };
		75DE2F661CFCCE710052F8C1 /* cpSpaceQuery.c in Sources */ = {isa = PBXBuildFile; fileRef = 755856121CDFC96F00FC8EA4 /* cpSpaceQuery.c */; };
		75DE2F671CFCCE710052F8C1 /* cpSpaceStep.c in Sources */ = {isa = PBXBuildFile; fileRef = 755856131CDFC96F00FC8EA4 /* cpSpaceStep.c */; };
		75DE2F681CFCCE710052F8C1 /* cpSpatialIndex.c in Sources */ = {isa = PBXBuildFile; fileRef = 755856141CDFC96F00FC8EA4 /* cpSpatialIndex.c */; };
		75DE2F691CFCCE710052F8C1 /* cpSweep1D.c in Sources */ = {isa = PBXBuildFile; fileRef = 755856151CDFC96F00FC8EA4 /* cpSweep1D.c */; };
		75DE2F6B1CFCCEFD0052F8C1 /* MetalKit.framework in Frameworks */ = {isa = PBXBuildFile; fileRef = 75DE2F411CFCCE3B0052F8C1 /* MetalKit.framework */; };
		75DE2F781CFCD4590052F8C1 /* libGBDeviceInfo.a in Frameworks */ = {isa = PBXBuildFile; fileRef = 75DE2F721CFCD3D60052F8C1 /* libGBDeviceInfo.a */; };
		75EE9FB720144245004C065B /* imgui.cpp in Sources */ = {isa = PBXBuildFile; fileRef = 7568CB1F201121BE00FF086C /* imgui.cpp */; };
		75EE9FB820144246004C065B /* imgui.cpp in Sources */ = {isa = PBXBuildFile; fileRef = 7568CB1F201121BE00FF086C /* imgui.cpp */; };
		75EE9FB920144246004C065B /* imgui.cpp in Sources */ = {isa = PBXBuildFile; fileRef = 7568CB1F201121BE00FF086C /* imgui.cpp */; };
		75EE9FBA2014424C004C065B /* imgui_demo.cpp in Sources */ = {isa = PBXBuildFile; fileRef = 7568CBA6201121BE00FF086C /* imgui_demo.cpp */; };
		75EE9FBB2014424C004C065B /* imgui_demo.cpp in Sources */ = {isa = PBXBuildFile; fileRef = 7568CBA6201121BE00FF086C /* imgui_demo.cpp */; };
		75EE9FBC2014424D004C065B /* imgui_demo.cpp in Sources */ = {isa = PBXBuildFile; fileRef = 7568CBA6201121BE00FF086C /* imgui_demo.cpp */; };
		75EE9FBD20144250004C065B /* imgui_draw.cpp in Sources */ = {isa = PBXBuildFile; fileRef = 7568CBA7201121BE00FF086C /* imgui_draw.cpp */; };
		75EE9FBE20144251004C065B /* imgui_draw.cpp in Sources */ = {isa = PBXBuildFile; fileRef = 7568CBA7201121BE00FF086C /* imgui_draw.cpp */; };
		75EE9FBF20144251004C065B /* imgui_draw.cpp in Sources */ = {isa = PBXBuildFile; fileRef = 7568CBA7201121BE00FF086C /* imgui_draw.cpp */; };
		75EE9FC020144258004C065B /* imgui_impl_mtl.mm in Sources */ = {isa = PBXBuildFile; fileRef = 7568CBB1201122E200FF086C /* imgui_impl_mtl.mm */; };
		75EE9FC220144259004C065B /* imgui_impl_mtl.mm in Sources */ = {isa = PBXBuildFile; fileRef = 7568CBB1201122E200FF086C /* imgui_impl_mtl.mm */; };
/* End PBXBuildFile section */

/* Begin PBXContainerItemProxy section */
		75DE2F711CFCD3D60052F8C1 /* PBXContainerItemProxy */ = {
			isa = PBXContainerItemProxy;
			containerPortal = 75DE2F6C1CFCD3D60052F8C1 /* GBDeviceInfo.xcodeproj */;
			proxyType = 2;
			remoteGlobalIDString = 8A38F593162DA1C100BCF240;
			remoteInfo = "GBDeviceInfo-iOS";
		};
		75DE2F731CFCD3D60052F8C1 /* PBXContainerItemProxy */ = {
			isa = PBXContainerItemProxy;
			containerPortal = 75DE2F6C1CFCD3D60052F8C1 /* GBDeviceInfo.xcodeproj */;
			proxyType = 2;
			remoteGlobalIDString = 8A1B118D16F21F2E00BDDD2A;
			remoteInfo = "GBDeviceInfo-OSX";
		};
/* End PBXContainerItemProxy section */

/* Begin PBXCopyFilesBuildPhase section */
		759DFD0F1FF5900C00F1B2D8 /* CopyFiles */ = {
			isa = PBXCopyFilesBuildPhase;
			buildActionMask = 2147483647;
			dstPath = "/Users/davidl/Library/Screen Savers";
			dstSubfolderSpec = 0;
			files = (
				759DFD101FF5901100F1B2D8 /* FallingStuff_OSXScreenSaver.saver in CopyFiles */,
			);
			runOnlyForDeploymentPostprocessing = 0;
		};
/* End PBXCopyFilesBuildPhase section */

/* Begin PBXFileReference section */
		75036FBC1CD540F10017DC04 /* FallingStuff_OSX.app */ = {isa = PBXFileReference; explicitFileType = wrapper.application; includeInIndex = 0; path = FallingStuff_OSX.app; sourceTree = BUILT_PRODUCTS_DIR; };
		75036FBF1CD540F10017DC04 /* FSTUFF_MacAppDelegate.h */ = {isa = PBXFileReference; lastKnownFileType = sourcecode.c.h; path = FSTUFF_MacAppDelegate.h; sourceTree = "<group>"; };
		75036FC01CD540F10017DC04 /* FSTUFF_MacAppDelegate.m */ = {isa = PBXFileReference; lastKnownFileType = sourcecode.c.objc; path = FSTUFF_MacAppDelegate.m; sourceTree = "<group>"; };
		75036FC31CD540F10017DC04 /* FSTUFF_MacMain.m */ = {isa = PBXFileReference; lastKnownFileType = sourcecode.c.objc; path = FSTUFF_MacMain.m; sourceTree = "<group>"; };
		75036FC81CD540F10017DC04 /* FSTUFF_AppleMetalShaders.metal */ = {isa = PBXFileReference; lastKnownFileType = sourcecode.metal; path = FSTUFF_AppleMetalShaders.metal; sourceTree = "<group>"; };
		75036FCA1CD540F10017DC04 /* FSTUFF_AppleMetalStructs.h */ = {isa = PBXFileReference; lastKnownFileType = sourcecode.c.h; path = FSTUFF_AppleMetalStructs.h; sourceTree = "<group>"; };
		75036FCB1CD540F10017DC04 /* FSTUFF_MacAppAssets.xcassets */ = {isa = PBXFileReference; lastKnownFileType = folder.assetcatalog; path = FSTUFF_MacAppAssets.xcassets; sourceTree = "<group>"; };
		75036FCE1CD540F10017DC04 /* Base */ = {isa = PBXFileReference; lastKnownFileType = file.xib; name = Base; path = Base.lproj/FSTUFF_MacMainMenu.xib; sourceTree = "<group>"; };
		75036FD01CD540F10017DC04 /* Info.plist */ = {isa = PBXFileReference; lastKnownFileType = text.plist.xml; path = Info.plist; sourceTree = "<group>"; };
		752B1A971CFD2C5E00BA2EE9 /* FSTUFF.h */ = {isa = PBXFileReference; fileEncoding = 4; lastKnownFileType = sourcecode.c.h; path = FSTUFF.h; sourceTree = "<group>"; };
		755855F61CDFC96F00FC8EA4 /* chipmunk.c */ = {isa = PBXFileReference; fileEncoding = 4; lastKnownFileType = sourcecode.c.c; name = chipmunk.c; path = external/Chipmunk2D/src/chipmunk.c; sourceTree = "<group>"; };
		755855F71CDFC96F00FC8EA4 /* cpArbiter.c */ = {isa = PBXFileReference; fileEncoding = 4; lastKnownFileType = sourcecode.c.c; name = cpArbiter.c; path = external/Chipmunk2D/src/cpArbiter.c; sourceTree = "<group>"; };
		755855F81CDFC96F00FC8EA4 /* cpArray.c */ = {isa = PBXFileReference; fileEncoding = 4; lastKnownFileType = sourcecode.c.c; name = cpArray.c; path = external/Chipmunk2D/src/cpArray.c; sourceTree = "<group>"; };
		755855F91CDFC96F00FC8EA4 /* cpBBTree.c */ = {isa = PBXFileReference; fileEncoding = 4; lastKnownFileType = sourcecode.c.c; name = cpBBTree.c; path = external/Chipmunk2D/src/cpBBTree.c; sourceTree = "<group>"; };
		755855FA1CDFC96F00FC8EA4 /* cpBody.c */ = {isa = PBXFileReference; fileEncoding = 4; lastKnownFileType = sourcecode.c.c; name = cpBody.c; path = external/Chipmunk2D/src/cpBody.c; sourceTree = "<group>"; };
		755855FB1CDFC96F00FC8EA4 /* cpCollision.c */ = {isa = PBXFileReference; fileEncoding = 4; lastKnownFileType = sourcecode.c.c; name = cpCollision.c; path = external/Chipmunk2D/src/cpCollision.c; sourceTree = "<group>"; };
		755855FC1CDFC96F00FC8EA4 /* cpConstraint.c */ = {isa = PBXFileReference; fileEncoding = 4; lastKnownFileType = sourcecode.c.c; name = cpConstraint.c; path = external/Chipmunk2D/src/cpConstraint.c; sourceTree = "<group>"; };
		755855FD1CDFC96F00FC8EA4 /* cpDampedRotarySpring.c */ = {isa = PBXFileReference; fileEncoding = 4; lastKnownFileType = sourcecode.c.c; name = cpDampedRotarySpring.c; path = external/Chipmunk2D/src/cpDampedRotarySpring.c; sourceTree = "<group>"; };
		755855FE1CDFC96F00FC8EA4 /* cpDampedSpring.c */ = {isa = PBXFileReference; fileEncoding = 4; lastKnownFileType = sourcecode.c.c; name = cpDampedSpring.c; path = external/Chipmunk2D/src/cpDampedSpring.c; sourceTree = "<group>"; };
		755855FF1CDFC96F00FC8EA4 /* cpGearJoint.c */ = {isa = PBXFileReference; fileEncoding = 4; lastKnownFileType = sourcecode.c.c; name = cpGearJoint.c; path = external/Chipmunk2D/src/cpGearJoint.c; sourceTree = "<group>"; };
		755856001CDFC96F00FC8EA4 /* cpGrooveJoint.c */ = {isa = PBXFileReference; fileEncoding = 4; lastKnownFileType = sourcecode.c.c; name = cpGrooveJoint.c; path = external/Chipmunk2D/src/cpGrooveJoint.c; sourceTree = "<group>"; };
		755856011CDFC96F00FC8EA4 /* cpHashSet.c */ = {isa = PBXFileReference; fileEncoding = 4; lastKnownFileType = sourcecode.c.c; name = cpHashSet.c; path = external/Chipmunk2D/src/cpHashSet.c; sourceTree = "<group>"; };
		755856021CDFC96F00FC8EA4 /* cpHastySpace.c */ = {isa = PBXFileReference; fileEncoding = 4; lastKnownFileType = sourcecode.c.c; name = cpHastySpace.c; path = external/Chipmunk2D/src/cpHastySpace.c; sourceTree = "<group>"; };
		755856031CDFC96F00FC8EA4 /* cpMarch.c */ = {isa = PBXFileReference; fileEncoding = 4; lastKnownFileType = sourcecode.c.c; name = cpMarch.c; path = external/Chipmunk2D/src/cpMarch.c; sourceTree = "<group>"; };
		755856041CDFC96F00FC8EA4 /* cpPinJoint.c */ = {isa = PBXFileReference; fileEncoding = 4; lastKnownFileType = sourcecode.c.c; name = cpPinJoint.c; path = external/Chipmunk2D/src/cpPinJoint.c; sourceTree = "<group>"; };
		755856051CDFC96F00FC8EA4 /* cpPivotJoint.c */ = {isa = PBXFileReference; fileEncoding = 4; lastKnownFileType = sourcecode.c.c; name = cpPivotJoint.c; path = external/Chipmunk2D/src/cpPivotJoint.c; sourceTree = "<group>"; };
		755856061CDFC96F00FC8EA4 /* cpPolyline.c */ = {isa = PBXFileReference; fileEncoding = 4; lastKnownFileType = sourcecode.c.c; name = cpPolyline.c; path = external/Chipmunk2D/src/cpPolyline.c; sourceTree = "<group>"; };
		755856071CDFC96F00FC8EA4 /* cpPolyShape.c */ = {isa = PBXFileReference; fileEncoding = 4; lastKnownFileType = sourcecode.c.c; name = cpPolyShape.c; path = external/Chipmunk2D/src/cpPolyShape.c; sourceTree = "<group>"; };
		755856081CDFC96F00FC8EA4 /* cpRatchetJoint.c */ = {isa = PBXFileReference; fileEncoding = 4; lastKnownFileType = sourcecode.c.c; name = cpRatchetJoint.c; path = external/Chipmunk2D/src/cpRatchetJoint.c; sourceTree = "<group>"; };
		755856091CDFC96F00FC8EA4 /* cpRobust.c */ = {isa = PBXFileReference; fileEncoding = 4; lastKnownFileType = sourcecode.c.c; name = cpRobust.c; path = external/Chipmunk2D/src/cpRobust.c; sourceTree = "<group>"; };
		7558560A1CDFC96F00FC8EA4 /* cpRotaryLimitJoint.c */ = {isa = PBXFileReference; fileEncoding = 4; lastKnownFileType = sourcecode.c.c; name = cpRotaryLimitJoint.c; path = external/Chipmunk2D/src/cpRotaryLimitJoint.c; sourceTree = "<group>"; };
		7558560B1CDFC96F00FC8EA4 /* cpShape.c */ = {isa = PBXFileReference; fileEncoding = 4; lastKnownFileType = sourcecode.c.c; name = cpShape.c; path = external/Chipmunk2D/src/cpShape.c; sourceTree = "<group>"; };
		7558560C1CDFC96F00FC8EA4 /* cpSimpleMotor.c */ = {isa = PBXFileReference; fileEncoding = 4; lastKnownFileType = sourcecode.c.c; name = cpSimpleMotor.c; path = external/Chipmunk2D/src/cpSimpleMotor.c; sourceTree = "<group>"; };
		7558560D1CDFC96F00FC8EA4 /* cpSlideJoint.c */ = {isa = PBXFileReference; fileEncoding = 4; lastKnownFileType = sourcecode.c.c; name = cpSlideJoint.c; path = external/Chipmunk2D/src/cpSlideJoint.c; sourceTree = "<group>"; };
		7558560E1CDFC96F00FC8EA4 /* cpSpace.c */ = {isa = PBXFileReference; fileEncoding = 4; lastKnownFileType = sourcecode.c.c; name = cpSpace.c; path = external/Chipmunk2D/src/cpSpace.c; sourceTree = "<group>"; };
		7558560F1CDFC96F00FC8EA4 /* cpSpaceComponent.c */ = {isa = PBXFileReference; fileEncoding = 4; lastKnownFileType = sourcecode.c.c; name = cpSpaceComponent.c; path = external/Chipmunk2D/src/cpSpaceComponent.c; sourceTree = "<group>"; };
		755856101CDFC96F00FC8EA4 /* cpSpaceDebug.c */ = {isa = PBXFileReference; fileEncoding = 4; lastKnownFileType = sourcecode.c.c; name = cpSpaceDebug.c; path = external/Chipmunk2D/src/cpSpaceDebug.c; sourceTree = "<group>"; };
		755856111CDFC96F00FC8EA4 /* cpSpaceHash.c */ = {isa = PBXFileReference; fileEncoding = 4; lastKnownFileType = sourcecode.c.c; name = cpSpaceHash.c; path = external/Chipmunk2D/src/cpSpaceHash.c; sourceTree = "<group>"; };
		755856121CDFC96F00FC8EA4 /* cpSpaceQuery.c */ = {isa = PBXFileReference; fileEncoding = 4; lastKnownFileType = sourcecode.c.c; name = cpSpaceQuery.c; path = external/Chipmunk2D/src/cpSpaceQuery.c; sourceTree = "<group>"; };
		755856131CDFC96F00FC8EA4 /* cpSpaceStep.c */ = {isa = PBXFileReference; fileEncoding = 4; lastKnownFileType = sourcecode.c.c; name = cpSpaceStep.c; path = external/Chipmunk2D/src/cpSpaceStep.c; sourceTree = "<group>"; };
		755856141CDFC96F00FC8EA4 /* cpSpatialIndex.c */ = {isa = PBXFileReference; fileEncoding = 4; lastKnownFileType = sourcecode.c.c; name = cpSpatialIndex.c; path = external/Chipmunk2D/src/cpSpatialIndex.c; sourceTree = "<group>"; };
		755856151CDFC96F00FC8EA4 /* cpSweep1D.c */ = {isa = PBXFileReference; fileEncoding = 4; lastKnownFileType = sourcecode.c.c; name = cpSweep1D.c; path = external/Chipmunk2D/src/cpSweep1D.c; sourceTree = "<group>"; };
		755856361CDFC9BF00FC8EA4 /* prime.h */ = {isa = PBXFileReference; fileEncoding = 4; lastKnownFileType = sourcecode.c.h; name = prime.h; path = external/Chipmunk2D/src/prime.h; sourceTree = "<group>"; };
		755856391CDFC9D800FC8EA4 /* chipmunk_ffi.h */ = {isa = PBXFileReference; fileEncoding = 4; lastKnownFileType = sourcecode.c.h; name = chipmunk_ffi.h; path = external/Chipmunk2D/include/chipmunk/chipmunk_ffi.h; sourceTree = "<group>"; };
		7558563A1CDFC9D800FC8EA4 /* chipmunk_private.h */ = {isa = PBXFileReference; fileEncoding = 4; lastKnownFileType = sourcecode.c.h; name = chipmunk_private.h; path = external/Chipmunk2D/include/chipmunk/chipmunk_private.h; sourceTree = "<group>"; };
		7558563B1CDFC9D800FC8EA4 /* chipmunk_structs.h */ = {isa = PBXFileReference; fileEncoding = 4; lastKnownFileType = sourcecode.c.h; name = chipmunk_structs.h; path = external/Chipmunk2D/include/chipmunk/chipmunk_structs.h; sourceTree = "<group>"; };
		7558563C1CDFC9D800FC8EA4 /* chipmunk_types.h */ = {isa = PBXFileReference; fileEncoding = 4; lastKnownFileType = sourcecode.c.h; name = chipmunk_types.h; path = external/Chipmunk2D/include/chipmunk/chipmunk_types.h; sourceTree = "<group>"; };
		7558563D1CDFC9D800FC8EA4 /* chipmunk_unsafe.h */ = {isa = PBXFileReference; fileEncoding = 4; lastKnownFileType = sourcecode.c.h; name = chipmunk_unsafe.h; path = external/Chipmunk2D/include/chipmunk/chipmunk_unsafe.h; sourceTree = "<group>"; };
		7558563E1CDFC9D800FC8EA4 /* chipmunk.h */ = {isa = PBXFileReference; fileEncoding = 4; lastKnownFileType = sourcecode.c.h; name = chipmunk.h; path = external/Chipmunk2D/include/chipmunk/chipmunk.h; sourceTree = "<group>"; };
		7558563F1CDFC9D800FC8EA4 /* cpArbiter.h */ = {isa = PBXFileReference; fileEncoding = 4; lastKnownFileType = sourcecode.c.h; name = cpArbiter.h; path = external/Chipmunk2D/include/chipmunk/cpArbiter.h; sourceTree = "<group>"; };
		755856401CDFC9D800FC8EA4 /* cpBB.h */ = {isa = PBXFileReference; fileEncoding = 4; lastKnownFileType = sourcecode.c.h; name = cpBB.h; path = external/Chipmunk2D/include/chipmunk/cpBB.h; sourceTree = "<group>"; };
		755856411CDFC9D800FC8EA4 /* cpBody.h */ = {isa = PBXFileReference; fileEncoding = 4; lastKnownFileType = sourcecode.c.h; name = cpBody.h; path = external/Chipmunk2D/include/chipmunk/cpBody.h; sourceTree = "<group>"; };
		755856421CDFC9D800FC8EA4 /* cpConstraint.h */ = {isa = PBXFileReference; fileEncoding = 4; lastKnownFileType = sourcecode.c.h; name = cpConstraint.h; path = external/Chipmunk2D/include/chipmunk/cpConstraint.h; sourceTree = "<group>"; };
		755856431CDFC9D800FC8EA4 /* cpDampedRotarySpring.h */ = {isa = PBXFileReference; fileEncoding = 4; lastKnownFileType = sourcecode.c.h; name = cpDampedRotarySpring.h; path = external/Chipmunk2D/include/chipmunk/cpDampedRotarySpring.h; sourceTree = "<group>"; };
		755856441CDFC9D800FC8EA4 /* cpDampedSpring.h */ = {isa = PBXFileReference; fileEncoding = 4; lastKnownFileType = sourcecode.c.h; name = cpDampedSpring.h; path = external/Chipmunk2D/include/chipmunk/cpDampedSpring.h; sourceTree = "<group>"; };
		755856451CDFC9D800FC8EA4 /* cpGearJoint.h */ = {isa = PBXFileReference; fileEncoding = 4; lastKnownFileType = sourcecode.c.h; name = cpGearJoint.h; path = external/Chipmunk2D/include/chipmunk/cpGearJoint.h; sourceTree = "<group>"; };
		755856461CDFC9D800FC8EA4 /* cpGrooveJoint.h */ = {isa = PBXFileReference; fileEncoding = 4; lastKnownFileType = sourcecode.c.h; name = cpGrooveJoint.h; path = external/Chipmunk2D/include/chipmunk/cpGrooveJoint.h; sourceTree = "<group>"; };
		755856471CDFC9D800FC8EA4 /* cpHastySpace.h */ = {isa = PBXFileReference; fileEncoding = 4; lastKnownFileType = sourcecode.c.h; name = cpHastySpace.h; path = external/Chipmunk2D/include/chipmunk/cpHastySpace.h; sourceTree = "<group>"; };
		755856481CDFC9D800FC8EA4 /* cpMarch.h */ = {isa = PBXFileReference; fileEncoding = 4; lastKnownFileType = sourcecode.c.h; name = cpMarch.h; path = external/Chipmunk2D/include/chipmunk/cpMarch.h; sourceTree = "<group>"; };
		755856491CDFC9D800FC8EA4 /* cpPinJoint.h */ = {isa = PBXFileReference; fileEncoding = 4; lastKnownFileType = sourcecode.c.h; name = cpPinJoint.h; path = external/Chipmunk2D/include/chipmunk/cpPinJoint.h; sourceTree = "<group>"; };
		7558564A1CDFC9D800FC8EA4 /* cpPivotJoint.h */ = {isa = PBXFileReference; fileEncoding = 4; lastKnownFileType = sourcecode.c.h; name = cpPivotJoint.h; path = external/Chipmunk2D/include/chipmunk/cpPivotJoint.h; sourceTree = "<group>"; };
		7558564B1CDFC9D800FC8EA4 /* cpPolyline.h */ = {isa = PBXFileReference; fileEncoding = 4; lastKnownFileType = sourcecode.c.h; name = cpPolyline.h; path = external/Chipmunk2D/include/chipmunk/cpPolyline.h; sourceTree = "<group>"; };
		7558564C1CDFC9D800FC8EA4 /* cpPolyShape.h */ = {isa = PBXFileReference; fileEncoding = 4; lastKnownFileType = sourcecode.c.h; name = cpPolyShape.h; path = external/Chipmunk2D/include/chipmunk/cpPolyShape.h; sourceTree = "<group>"; };
		7558564D1CDFC9D800FC8EA4 /* cpRatchetJoint.h */ = {isa = PBXFileReference; fileEncoding = 4; lastKnownFileType = sourcecode.c.h; name = cpRatchetJoint.h; path = external/Chipmunk2D/include/chipmunk/cpRatchetJoint.h; sourceTree = "<group>"; };
		7558564E1CDFC9D800FC8EA4 /* cpRobust.h */ = {isa = PBXFileReference; fileEncoding = 4; lastKnownFileType = sourcecode.c.h; name = cpRobust.h; path = external/Chipmunk2D/include/chipmunk/cpRobust.h; sourceTree = "<group>"; };
		7558564F1CDFC9D800FC8EA4 /* cpRotaryLimitJoint.h */ = {isa = PBXFileReference; fileEncoding = 4; lastKnownFileType = sourcecode.c.h; name = cpRotaryLimitJoint.h; path = external/Chipmunk2D/include/chipmunk/cpRotaryLimitJoint.h; sourceTree = "<group>"; };
		755856501CDFC9D800FC8EA4 /* cpShape.h */ = {isa = PBXFileReference; fileEncoding = 4; lastKnownFileType = sourcecode.c.h; name = cpShape.h; path = external/Chipmunk2D/include/chipmunk/cpShape.h; sourceTree = "<group>"; };
		755856511CDFC9D800FC8EA4 /* cpSimpleMotor.h */ = {isa = PBXFileReference; fileEncoding = 4; lastKnownFileType = sourcecode.c.h; name = cpSimpleMotor.h; path = external/Chipmunk2D/include/chipmunk/cpSimpleMotor.h; sourceTree = "<group>"; };
		755856521CDFC9D800FC8EA4 /* cpSlideJoint.h */ = {isa = PBXFileReference; fileEncoding = 4; lastKnownFileType = sourcecode.c.h; name = cpSlideJoint.h; path = external/Chipmunk2D/include/chipmunk/cpSlideJoint.h; sourceTree = "<group>"; };
		755856531CDFC9D800FC8EA4 /* cpSpace.h */ = {isa = PBXFileReference; fileEncoding = 4; lastKnownFileType = sourcecode.c.h; name = cpSpace.h; path = external/Chipmunk2D/include/chipmunk/cpSpace.h; sourceTree = "<group>"; };
		755856541CDFC9D800FC8EA4 /* cpSpatialIndex.h */ = {isa = PBXFileReference; fileEncoding = 4; lastKnownFileType = sourcecode.c.h; name = cpSpatialIndex.h; path = external/Chipmunk2D/include/chipmunk/cpSpatialIndex.h; sourceTree = "<group>"; };
		755856551CDFC9D800FC8EA4 /* cpTransform.h */ = {isa = PBXFileReference; fileEncoding = 4; lastKnownFileType = sourcecode.c.h; name = cpTransform.h; path = external/Chipmunk2D/include/chipmunk/cpTransform.h; sourceTree = "<group>"; };
		755856561CDFC9D800FC8EA4 /* cpVect.h */ = {isa = PBXFileReference; fileEncoding = 4; lastKnownFileType = sourcecode.c.h; name = cpVect.h; path = external/Chipmunk2D/include/chipmunk/cpVect.h; sourceTree = "<group>"; };
		7568CB03200FD06200FF086C /* FSTUFF_Constants.h */ = {isa = PBXFileReference; fileEncoding = 4; lastKnownFileType = sourcecode.c.h; path = FSTUFF_Constants.h; sourceTree = "<group>"; };
		7568CB05200FD88A00FF086C /* FSTUFF_Apple.h */ = {isa = PBXFileReference; fileEncoding = 4; lastKnownFileType = sourcecode.c.h; path = FSTUFF_Apple.h; sourceTree = "<group>"; };
		7568CB07200FE97300FF086C /* GLKit.framework */ = {isa = PBXFileReference; lastKnownFileType = wrapper.framework; name = GLKit.framework; path = Platforms/iPhoneOS.platform/Developer/SDKs/iPhoneOS11.2.sdk/System/Library/Frameworks/GLKit.framework; sourceTree = DEVELOPER_DIR; };
		7568CB09200FE97700FF086C /* MetalKit.framework */ = {isa = PBXFileReference; lastKnownFileType = wrapper.framework; name = MetalKit.framework; path = Platforms/iPhoneOS.platform/Developer/SDKs/iPhoneOS11.2.sdk/System/Library/Frameworks/MetalKit.framework; sourceTree = DEVELOPER_DIR; };
		7568CB0C200FEA5900FF086C /* Main.storyboard */ = {isa = PBXFileReference; lastKnownFileType = file.storyboard; path = Main.storyboard; sourceTree = "<group>"; };
		7568CB10201121BE00FF086C /* imgui.h */ = {isa = PBXFileReference; lastKnownFileType = sourcecode.c.h; path = imgui.h; sourceTree = "<group>"; };
		7568CB11201121BE00FF086C /* imconfig.h */ = {isa = PBXFileReference; lastKnownFileType = sourcecode.c.h; path = imconfig.h; sourceTree = "<group>"; };
		7568CB12201121BE00FF086C /* TODO.txt */ = {isa = PBXFileReference; lastKnownFileType = text; path = TODO.txt; sourceTree = "<group>"; };
		7568CB13201121BE00FF086C /* stb_rect_pack.h */ = {isa = PBXFileReference; lastKnownFileType = sourcecode.c.h; path = stb_rect_pack.h; sourceTree = "<group>"; };
		7568CB15201121BE00FF086C /* Roboto-Medium.ttf */ = {isa = PBXFileReference; lastKnownFileType = file; path = "Roboto-Medium.ttf"; sourceTree = "<group>"; };
		7568CB16201121BE00FF086C /* DroidSans.ttf */ = {isa = PBXFileReference; lastKnownFileType = file; path = DroidSans.ttf; sourceTree = "<group>"; };
		7568CB17201121BE00FF086C /* ProggyTiny.ttf */ = {isa = PBXFileReference; lastKnownFileType = file; path = ProggyTiny.ttf; sourceTree = "<group>"; };
		7568CB18201121BE00FF086C /* ProggyClean.ttf */ = {isa = PBXFileReference; lastKnownFileType = file; path = ProggyClean.ttf; sourceTree = "<group>"; };
		7568CB19201121BE00FF086C /* README.txt */ = {isa = PBXFileReference; lastKnownFileType = text; path = README.txt; sourceTree = "<group>"; };
		7568CB1A201121BE00FF086C /* Cousine-Regular.ttf */ = {isa = PBXFileReference; lastKnownFileType = file; path = "Cousine-Regular.ttf"; sourceTree = "<group>"; };
		7568CB1B201121BE00FF086C /* Karla-Regular.ttf */ = {isa = PBXFileReference; lastKnownFileType = file; path = "Karla-Regular.ttf"; sourceTree = "<group>"; };
		7568CB1C201121BE00FF086C /* binary_to_compressed_c.cpp */ = {isa = PBXFileReference; lastKnownFileType = sourcecode.cpp.cpp; path = binary_to_compressed_c.cpp; sourceTree = "<group>"; };
		7568CB1D201121BE00FF086C /* README.md */ = {isa = PBXFileReference; lastKnownFileType = net.daringfireball.markdown; path = README.md; sourceTree = "<group>"; };
		7568CB1E201121BE00FF086C /* stb_truetype.h */ = {isa = PBXFileReference; lastKnownFileType = sourcecode.c.h; path = stb_truetype.h; sourceTree = "<group>"; };
		7568CB1F201121BE00FF086C /* imgui.cpp */ = {isa = PBXFileReference; lastKnownFileType = sourcecode.cpp.cpp; path = imgui.cpp; sourceTree = "<group>"; };
		7568CBA2201121BE00FF086C /* imgui_internal.h */ = {isa = PBXFileReference; lastKnownFileType = sourcecode.c.h; path = imgui_internal.h; sourceTree = "<group>"; };
		7568CBA3201121BE00FF086C /* stb_textedit.h */ = {isa = PBXFileReference; lastKnownFileType = sourcecode.c.h; path = stb_textedit.h; sourceTree = "<group>"; };
		7568CBA4201121BE00FF086C /* LICENSE.txt */ = {isa = PBXFileReference; lastKnownFileType = text; path = LICENSE.txt; sourceTree = "<group>"; };
		7568CBA5201121BE00FF086C /* .travis.yml */ = {isa = PBXFileReference; lastKnownFileType = text; path = .travis.yml; sourceTree = "<group>"; };
		7568CBA6201121BE00FF086C /* imgui_demo.cpp */ = {isa = PBXFileReference; lastKnownFileType = sourcecode.cpp.cpp; path = imgui_demo.cpp; sourceTree = "<group>"; };
		7568CBA7201121BE00FF086C /* imgui_draw.cpp */ = {isa = PBXFileReference; lastKnownFileType = sourcecode.cpp.cpp; path = imgui_draw.cpp; sourceTree = "<group>"; };
		7568CBB1201122E200FF086C /* imgui_impl_mtl.mm */ = {isa = PBXFileReference; fileEncoding = 4; lastKnownFileType = sourcecode.cpp.objcpp; path = imgui_impl_mtl.mm; sourceTree = "<group>"; };
		7568CBB2201122E200FF086C /* imgui_impl_mtl.h */ = {isa = PBXFileReference; fileEncoding = 4; lastKnownFileType = sourcecode.c.h; path = imgui_impl_mtl.h; sourceTree = "<group>"; };
		7568CBB42012547500FF086C /* AAPLShaderTypes.h */ = {isa = PBXFileReference; lastKnownFileType = sourcecode.c.h; path = AAPLShaderTypes.h; sourceTree = "<group>"; };
		756C8E4E200DB05C0019EA70 /* FSTUFF.cpp */ = {isa = PBXFileReference; fileEncoding = 4; lastKnownFileType = sourcecode.cpp.cpp; path = FSTUFF.cpp; sourceTree = "<group>"; };
		759DFD031FF58EEC00F1B2D8 /* FallingStuff_OSXScreenSaver.saver */ = {isa = PBXFileReference; explicitFileType = wrapper.cfbundle; includeInIndex = 0; path = FallingStuff_OSXScreenSaver.saver; sourceTree = BUILT_PRODUCTS_DIR; };
		759DFD051FF58EEC00F1B2D8 /* FallingStuff_OSXScreenSaverView.h */ = {isa = PBXFileReference; lastKnownFileType = sourcecode.c.h; path = FallingStuff_OSXScreenSaverView.h; sourceTree = "<group>"; };
		759DFD071FF58EEC00F1B2D8 /* FallingStuff_OSXScreenSaverView.mm */ = {isa = PBXFileReference; lastKnownFileType = sourcecode.cpp.objcpp; path = FallingStuff_OSXScreenSaverView.mm; sourceTree = "<group>"; };
		759DFD091FF58EEC00F1B2D8 /* Info.plist */ = {isa = PBXFileReference; lastKnownFileType = text.plist.xml; path = Info.plist; sourceTree = "<group>"; };
		759DFD391FF5996D00F1B2D8 /* Metal.framework */ = {isa = PBXFileReference; lastKnownFileType = wrapper.framework; name = Metal.framework; path = System/Library/Frameworks/Metal.framework; sourceTree = SDKROOT; };
		759DFD3B1FF5997C00F1B2D8 /* AppKit.framework */ = {isa = PBXFileReference; lastKnownFileType = wrapper.framework; name = AppKit.framework; path = System/Library/Frameworks/AppKit.framework; sourceTree = SDKROOT; };
		759DFD3D1FF5998800F1B2D8 /* ScreenSaver.framework */ = {isa = PBXFileReference; lastKnownFileType = wrapper.framework; name = ScreenSaver.framework; path = System/Library/Frameworks/ScreenSaver.framework; sourceTree = SDKROOT; };
		759DFD48200424EA00F1B2D8 /* gb_math.h */ = {isa = PBXFileReference; lastKnownFileType = sourcecode.c.h; path = gb_math.h; sourceTree = "<group>"; };
		759E7D4A2191FEE400B679E4 /* FSTUFF_AppleMetal.mm */ = {isa = PBXFileReference; fileEncoding = 4; lastKnownFileType = sourcecode.cpp.objcpp; path = FSTUFF_AppleMetal.mm; sourceTree = "<group>"; };
		759E7D4B2191FEE400B679E4 /* FSTUFF_AppleMetal.h */ = {isa = PBXFileReference; fileEncoding = 4; lastKnownFileType = sourcecode.c.h; path = FSTUFF_AppleMetal.h; sourceTree = "<group>"; };
		75ADD5FB1D035AB10042FC3A /* FallingStuff_iOSGLES.app */ = {isa = PBXFileReference; explicitFileType = wrapper.application; includeInIndex = 0; path = FallingStuff_iOSGLES.app; sourceTree = BUILT_PRODUCTS_DIR; };
		75ADD5FE1D035AB10042FC3A /* main.m */ = {isa = PBXFileReference; lastKnownFileType = sourcecode.c.objc; path = main.m; sourceTree = "<group>"; };
		75ADD6001D035AB10042FC3A /* FSTUFF_MacAppDelegate.h */ = {isa = PBXFileReference; lastKnownFileType = sourcecode.c.h; path = FSTUFF_MacAppDelegate.h; sourceTree = "<group>"; };
		75ADD6011D035AB10042FC3A /* FSTUFF_MacAppDelegate.m */ = {isa = PBXFileReference; lastKnownFileType = sourcecode.c.objc; path = FSTUFF_MacAppDelegate.m; sourceTree = "<group>"; };
		75ADD6071D035AB10042FC3A /* FSTUFF_AppleGL.h */ = {isa = PBXFileReference; lastKnownFileType = sourcecode.c.h; path = FSTUFF_AppleGL.h; sourceTree = "<group>"; };
		75ADD6081D035AB10042FC3A /* FSTUFF_AppleGL.mm */ = {isa = PBXFileReference; lastKnownFileType = sourcecode.cpp.objcpp; path = FSTUFF_AppleGL.mm; sourceTree = "<group>"; };
		75ADD60D1D035AB10042FC3A /* Assets.xcassets */ = {isa = PBXFileReference; lastKnownFileType = folder.assetcatalog; path = Assets.xcassets; sourceTree = "<group>"; };
		75ADD6101D035AB10042FC3A /* Base */ = {isa = PBXFileReference; lastKnownFileType = file.storyboard; name = Base; path = Base.lproj/LaunchScreen.storyboard; sourceTree = "<group>"; };
		75ADD6121D035AB10042FC3A /* Info.plist */ = {isa = PBXFileReference; lastKnownFileType = text.plist.xml; path = Info.plist; sourceTree = "<group>"; };
		75ADD63B1D035EB20042FC3A /* FSTUFF_Apple.mm */ = {isa = PBXFileReference; fileEncoding = 4; lastKnownFileType = sourcecode.cpp.objcpp; path = FSTUFF_Apple.mm; sourceTree = "<group>"; };
		75B3913F1CD67637000F6E1E /* MetalKit.framework */ = {isa = PBXFileReference; lastKnownFileType = wrapper.framework; name = MetalKit.framework; path = System/Library/Frameworks/MetalKit.framework; sourceTree = SDKROOT; };
		75DE2F271CFCCD4C0052F8C1 /* FallingStuff_iOS.app */ = {isa = PBXFileReference; explicitFileType = wrapper.application; includeInIndex = 0; path = FallingStuff_iOS.app; sourceTree = BUILT_PRODUCTS_DIR; };
		75DE2F2A1CFCCD4C0052F8C1 /* FSTUFF_iOSMain.m */ = {isa = PBXFileReference; lastKnownFileType = sourcecode.c.objc; path = FSTUFF_iOSMain.m; sourceTree = "<group>"; };
		75DE2F2C1CFCCD4C0052F8C1 /* FSTUFF_iOSAppDelegate.h */ = {isa = PBXFileReference; lastKnownFileType = sourcecode.c.h; path = FSTUFF_iOSAppDelegate.h; sourceTree = "<group>"; };
		75DE2F2D1CFCCD4C0052F8C1 /* FSTUFF_iOSAppDelegate.m */ = {isa = PBXFileReference; lastKnownFileType = sourcecode.c.objc; path = FSTUFF_iOSAppDelegate.m; sourceTree = "<group>"; };
		75DE2F361CFCCD4C0052F8C1 /* Base */ = {isa = PBXFileReference; lastKnownFileType = file.storyboard; name = Base; path = Base.lproj/Main.storyboard; sourceTree = "<group>"; };
		75DE2F381CFCCD4C0052F8C1 /* Assets.xcassets */ = {isa = PBXFileReference; lastKnownFileType = folder.assetcatalog; path = Assets.xcassets; sourceTree = "<group>"; };
		75DE2F3B1CFCCD4C0052F8C1 /* Base */ = {isa = PBXFileReference; lastKnownFileType = file.storyboard; name = Base; path = Base.lproj/LaunchScreen.storyboard; sourceTree = "<group>"; };
		75DE2F3D1CFCCD4C0052F8C1 /* Info.plist */ = {isa = PBXFileReference; lastKnownFileType = text.plist.xml; path = Info.plist; sourceTree = "<group>"; };
		75DE2F411CFCCE3B0052F8C1 /* MetalKit.framework */ = {isa = PBXFileReference; lastKnownFileType = wrapper.framework; name = MetalKit.framework; path = Platforms/iPhoneOS.platform/Developer/SDKs/iPhoneOS9.3.sdk/System/Library/Frameworks/MetalKit.framework; sourceTree = DEVELOPER_DIR; };
		75DE2F6C1CFCD3D60052F8C1 /* GBDeviceInfo.xcodeproj */ = {isa = PBXFileReference; lastKnownFileType = "wrapper.pb-project"; name = GBDeviceInfo.xcodeproj; path = external/GBDeviceInfo/GBDeviceInfo.xcodeproj; sourceTree = "<group>"; };
/* End PBXFileReference section */

/* Begin PBXFrameworksBuildPhase section */
		75036FB91CD540F10017DC04 /* Frameworks */ = {
			isa = PBXFrameworksBuildPhase;
			buildActionMask = 2147483647;
			files = (
				75B391401CD67637000F6E1E /* MetalKit.framework in Frameworks */,
			);
			runOnlyForDeploymentPostprocessing = 0;
		};
		759DFCFF1FF58EEC00F1B2D8 /* Frameworks */ = {
			isa = PBXFrameworksBuildPhase;
			buildActionMask = 2147483647;
			files = (
				759DFD3E1FF5998800F1B2D8 /* ScreenSaver.framework in Frameworks */,
				759DFD3C1FF5997C00F1B2D8 /* AppKit.framework in Frameworks */,
				759DFD3A1FF5996D00F1B2D8 /* Metal.framework in Frameworks */,
				759DFD381FF598E000F1B2D8 /* MetalKit.framework in Frameworks */,
			);
			runOnlyForDeploymentPostprocessing = 0;
		};
		75ADD5F81D035AB10042FC3A /* Frameworks */ = {
			isa = PBXFrameworksBuildPhase;
			buildActionMask = 2147483647;
			files = (
				7568CB0A200FE97700FF086C /* MetalKit.framework in Frameworks */,
				7568CB08200FE97300FF086C /* GLKit.framework in Frameworks */,
				75ADD6401D03600F0042FC3A /* libGBDeviceInfo.a in Frameworks */,
			);
			runOnlyForDeploymentPostprocessing = 0;
		};
		75DE2F241CFCCD4C0052F8C1 /* Frameworks */ = {
			isa = PBXFrameworksBuildPhase;
			buildActionMask = 2147483647;
			files = (
				75DE2F781CFCD4590052F8C1 /* libGBDeviceInfo.a in Frameworks */,
				75DE2F6B1CFCCEFD0052F8C1 /* MetalKit.framework in Frameworks */,
			);
			runOnlyForDeploymentPostprocessing = 0;
		};
/* End PBXFrameworksBuildPhase section */

/* Begin PBXGroup section */
		75036FB31CD540F10017DC04 = {
			isa = PBXGroup;
			children = (
				7568AAF81CFCCBCC00262462 /* external */,
				75036FBD1CD540F10017DC04 /* build */,
				75036FBE1CD540F10017DC04 /* src */,
				75ADD5FC1D035AB10042FC3A /* FallingStuff_iOSGLES */,
				759DFD041FF58EEC00F1B2D8 /* FallingStuff_OSXScreenSaver */,
				759DFD371FF598E000F1B2D8 /* Frameworks */,
			);
			sourceTree = "<group>";
		};
		75036FBD1CD540F10017DC04 /* build */ = {
			isa = PBXGroup;
			children = (
				75DE2F6A1CFCCE8D0052F8C1 /* iOS */,
				7568AAF91CFCCC5B00262462 /* mac */,
				75ADD5FB1D035AB10042FC3A /* FallingStuff_iOSGLES.app */,
				759DFD031FF58EEC00F1B2D8 /* FallingStuff_OSXScreenSaver.saver */,
			);
			name = build;
			sourceTree = "<group>";
		};
		75036FBE1CD540F10017DC04 /* src */ = {
			isa = PBXGroup;
			children = (
				759E7D4B2191FEE400B679E4 /* FSTUFF_AppleMetal.h */,
				759E7D4A2191FEE400B679E4 /* FSTUFF_AppleMetal.mm */,
				7568CBB42012547500FF086C /* AAPLShaderTypes.h */,
				7568CBB2201122E200FF086C /* imgui_impl_mtl.h */,
				7568CBB1201122E200FF086C /* imgui_impl_mtl.mm */,
				7568CB05200FD88A00FF086C /* FSTUFF_Apple.h */,
				75ADD63B1D035EB20042FC3A /* FSTUFF_Apple.mm */,
				75036FC81CD540F10017DC04 /* FSTUFF_AppleMetalShaders.metal */,
				75036FCA1CD540F10017DC04 /* FSTUFF_AppleMetalStructs.h */,
				7568CB03200FD06200FF086C /* FSTUFF_Constants.h */,
				756C8E4E200DB05C0019EA70 /* FSTUFF.cpp */,
				752B1A971CFD2C5E00BA2EE9 /* FSTUFF.h */,
				759DFD48200424EA00F1B2D8 /* gb_math.h */,
				75DE2F281CFCCD4C0052F8C1 /* iOS */,
				75036FC21CD540F10017DC04 /* mac */,
			);
			path = src;
			sourceTree = "<group>";
		};
		75036FC21CD540F10017DC04 /* mac */ = {
			isa = PBXGroup;
			children = (
				75036FBF1CD540F10017DC04 /* FSTUFF_MacAppDelegate.h */,
				75036FC01CD540F10017DC04 /* FSTUFF_MacAppDelegate.m */,
				75036FCB1CD540F10017DC04 /* FSTUFF_MacAppAssets.xcassets */,
				75036FD01CD540F10017DC04 /* Info.plist */,
				75036FC31CD540F10017DC04 /* FSTUFF_MacMain.m */,
				75036FCD1CD540F10017DC04 /* FSTUFF_MacMainMenu.xib */,
			);
			path = mac;
			sourceTree = "<group>";
		};
		755855B41CDFC71800FC8EA4 /* Chipmunk2D */ = {
			isa = PBXGroup;
			children = (
				755856381CDFC9CC00FC8EA4 /* include */,
				755856371CDFC9C100FC8EA4 /* src */,
			);
			name = Chipmunk2D;
			sourceTree = "<group>";
		};
		755856371CDFC9C100FC8EA4 /* src */ = {
			isa = PBXGroup;
			children = (
				755856361CDFC9BF00FC8EA4 /* prime.h */,
				755855F61CDFC96F00FC8EA4 /* chipmunk.c */,
				755855F71CDFC96F00FC8EA4 /* cpArbiter.c */,
				755855F81CDFC96F00FC8EA4 /* cpArray.c */,
				755855F91CDFC96F00FC8EA4 /* cpBBTree.c */,
				755855FA1CDFC96F00FC8EA4 /* cpBody.c */,
				755855FB1CDFC96F00FC8EA4 /* cpCollision.c */,
				755855FC1CDFC96F00FC8EA4 /* cpConstraint.c */,
				755855FD1CDFC96F00FC8EA4 /* cpDampedRotarySpring.c */,
				755855FE1CDFC96F00FC8EA4 /* cpDampedSpring.c */,
				755855FF1CDFC96F00FC8EA4 /* cpGearJoint.c */,
				755856001CDFC96F00FC8EA4 /* cpGrooveJoint.c */,
				755856011CDFC96F00FC8EA4 /* cpHashSet.c */,
				755856021CDFC96F00FC8EA4 /* cpHastySpace.c */,
				755856031CDFC96F00FC8EA4 /* cpMarch.c */,
				755856041CDFC96F00FC8EA4 /* cpPinJoint.c */,
				755856051CDFC96F00FC8EA4 /* cpPivotJoint.c */,
				755856061CDFC96F00FC8EA4 /* cpPolyline.c */,
				755856071CDFC96F00FC8EA4 /* cpPolyShape.c */,
				755856081CDFC96F00FC8EA4 /* cpRatchetJoint.c */,
				755856091CDFC96F00FC8EA4 /* cpRobust.c */,
				7558560A1CDFC96F00FC8EA4 /* cpRotaryLimitJoint.c */,
				7558560B1CDFC96F00FC8EA4 /* cpShape.c */,
				7558560C1CDFC96F00FC8EA4 /* cpSimpleMotor.c */,
				7558560D1CDFC96F00FC8EA4 /* cpSlideJoint.c */,
				7558560E1CDFC96F00FC8EA4 /* cpSpace.c */,
				7558560F1CDFC96F00FC8EA4 /* cpSpaceComponent.c */,
				755856101CDFC96F00FC8EA4 /* cpSpaceDebug.c */,
				755856111CDFC96F00FC8EA4 /* cpSpaceHash.c */,
				755856121CDFC96F00FC8EA4 /* cpSpaceQuery.c */,
				755856131CDFC96F00FC8EA4 /* cpSpaceStep.c */,
				755856141CDFC96F00FC8EA4 /* cpSpatialIndex.c */,
				755856151CDFC96F00FC8EA4 /* cpSweep1D.c */,
			);
			name = src;
			sourceTree = "<group>";
		};
		755856381CDFC9CC00FC8EA4 /* include */ = {
			isa = PBXGroup;
			children = (
				755856391CDFC9D800FC8EA4 /* chipmunk_ffi.h */,
				7558563A1CDFC9D800FC8EA4 /* chipmunk_private.h */,
				7558563B1CDFC9D800FC8EA4 /* chipmunk_structs.h */,
				7558563C1CDFC9D800FC8EA4 /* chipmunk_types.h */,
				7558563D1CDFC9D800FC8EA4 /* chipmunk_unsafe.h */,
				7558563E1CDFC9D800FC8EA4 /* chipmunk.h */,
				7558563F1CDFC9D800FC8EA4 /* cpArbiter.h */,
				755856401CDFC9D800FC8EA4 /* cpBB.h */,
				755856411CDFC9D800FC8EA4 /* cpBody.h */,
				755856421CDFC9D800FC8EA4 /* cpConstraint.h */,
				755856431CDFC9D800FC8EA4 /* cpDampedRotarySpring.h */,
				755856441CDFC9D800FC8EA4 /* cpDampedSpring.h */,
				755856451CDFC9D800FC8EA4 /* cpGearJoint.h */,
				755856461CDFC9D800FC8EA4 /* cpGrooveJoint.h */,
				755856471CDFC9D800FC8EA4 /* cpHastySpace.h */,
				755856481CDFC9D800FC8EA4 /* cpMarch.h */,
				755856491CDFC9D800FC8EA4 /* cpPinJoint.h */,
				7558564A1CDFC9D800FC8EA4 /* cpPivotJoint.h */,
				7558564B1CDFC9D800FC8EA4 /* cpPolyline.h */,
				7558564C1CDFC9D800FC8EA4 /* cpPolyShape.h */,
				7558564D1CDFC9D800FC8EA4 /* cpRatchetJoint.h */,
				7558564E1CDFC9D800FC8EA4 /* cpRobust.h */,
				7558564F1CDFC9D800FC8EA4 /* cpRotaryLimitJoint.h */,
				755856501CDFC9D800FC8EA4 /* cpShape.h */,
				755856511CDFC9D800FC8EA4 /* cpSimpleMotor.h */,
				755856521CDFC9D800FC8EA4 /* cpSlideJoint.h */,
				755856531CDFC9D800FC8EA4 /* cpSpace.h */,
				755856541CDFC9D800FC8EA4 /* cpSpatialIndex.h */,
				755856551CDFC9D800FC8EA4 /* cpTransform.h */,
				755856561CDFC9D800FC8EA4 /* cpVect.h */,
			);
			name = include;
			sourceTree = "<group>";
		};
		7568AAF81CFCCBCC00262462 /* external */ = {
			isa = PBXGroup;
			children = (
				7568CB0F201121BE00FF086C /* imgui */,
				75DE2F6C1CFCD3D60052F8C1 /* GBDeviceInfo.xcodeproj */,
				755855B41CDFC71800FC8EA4 /* Chipmunk2D */,
			);
			name = external;
			sourceTree = "<group>";
		};
		7568AAF91CFCCC5B00262462 /* mac */ = {
			isa = PBXGroup;
			children = (
				75036FBC1CD540F10017DC04 /* FallingStuff_OSX.app */,
				75B3913F1CD67637000F6E1E /* MetalKit.framework */,
			);
			name = mac;
			sourceTree = "<group>";
		};
		7568CB0F201121BE00FF086C /* imgui */ = {
			isa = PBXGroup;
			children = (
				7568CB10201121BE00FF086C /* imgui.h */,
				7568CB11201121BE00FF086C /* imconfig.h */,
				7568CB12201121BE00FF086C /* TODO.txt */,
				7568CB13201121BE00FF086C /* stb_rect_pack.h */,
				7568CB14201121BE00FF086C /* extra_fonts */,
				7568CB1D201121BE00FF086C /* README.md */,
				7568CB1E201121BE00FF086C /* stb_truetype.h */,
				7568CB1F201121BE00FF086C /* imgui.cpp */,
				7568CBA2201121BE00FF086C /* imgui_internal.h */,
				7568CBA3201121BE00FF086C /* stb_textedit.h */,
				7568CBA4201121BE00FF086C /* LICENSE.txt */,
				7568CBA5201121BE00FF086C /* .travis.yml */,
				7568CBA6201121BE00FF086C /* imgui_demo.cpp */,
				7568CBA7201121BE00FF086C /* imgui_draw.cpp */,
			);
			name = imgui;
			path = external/imgui;
			sourceTree = "<group>";
		};
		7568CB14201121BE00FF086C /* extra_fonts */ = {
			isa = PBXGroup;
			children = (
				7568CB15201121BE00FF086C /* Roboto-Medium.ttf */,
				7568CB16201121BE00FF086C /* DroidSans.ttf */,
				7568CB17201121BE00FF086C /* ProggyTiny.ttf */,
				7568CB18201121BE00FF086C /* ProggyClean.ttf */,
				7568CB19201121BE00FF086C /* README.txt */,
				7568CB1A201121BE00FF086C /* Cousine-Regular.ttf */,
				7568CB1B201121BE00FF086C /* Karla-Regular.ttf */,
				7568CB1C201121BE00FF086C /* binary_to_compressed_c.cpp */,
			);
			path = extra_fonts;
			sourceTree = "<group>";
		};
		759DFD041FF58EEC00F1B2D8 /* FallingStuff_OSXScreenSaver */ = {
			isa = PBXGroup;
			children = (
				759DFD051FF58EEC00F1B2D8 /* FallingStuff_OSXScreenSaverView.h */,
				759DFD071FF58EEC00F1B2D8 /* FallingStuff_OSXScreenSaverView.mm */,
				759DFD091FF58EEC00F1B2D8 /* Info.plist */,
			);
			path = FallingStuff_OSXScreenSaver;
			sourceTree = "<group>";
		};
		759DFD371FF598E000F1B2D8 /* Frameworks */ = {
			isa = PBXGroup;
			children = (
				7568CB09200FE97700FF086C /* MetalKit.framework */,
				7568CB07200FE97300FF086C /* GLKit.framework */,
				759DFD3D1FF5998800F1B2D8 /* ScreenSaver.framework */,
				759DFD3B1FF5997C00F1B2D8 /* AppKit.framework */,
				759DFD391FF5996D00F1B2D8 /* Metal.framework */,
			);
			name = Frameworks;
			sourceTree = "<group>";
		};
		75ADD5FC1D035AB10042FC3A /* FallingStuff_iOSGLES */ = {
			isa = PBXGroup;
			children = (
				7568CB0C200FEA5900FF086C /* Main.storyboard */,
				75ADD6001D035AB10042FC3A /* FSTUFF_MacAppDelegate.h */,
				75ADD6011D035AB10042FC3A /* FSTUFF_MacAppDelegate.m */,
				75ADD6071D035AB10042FC3A /* FSTUFF_AppleGL.h */,
				75ADD6081D035AB10042FC3A /* FSTUFF_AppleGL.mm */,
				75ADD60D1D035AB10042FC3A /* Assets.xcassets */,
				75ADD60F1D035AB10042FC3A /* LaunchScreen.storyboard */,
				75ADD6121D035AB10042FC3A /* Info.plist */,
				75ADD5FD1D035AB10042FC3A /* Supporting Files */,
			);
			path = FallingStuff_iOSGLES;
			sourceTree = "<group>";
		};
		75ADD5FD1D035AB10042FC3A /* Supporting Files */ = {
			isa = PBXGroup;
			children = (
				75ADD5FE1D035AB10042FC3A /* main.m */,
			);
			name = "Supporting Files";
			sourceTree = "<group>";
		};
		75DE2F281CFCCD4C0052F8C1 /* iOS */ = {
			isa = PBXGroup;
			children = (
				75DE2F2C1CFCCD4C0052F8C1 /* FSTUFF_iOSAppDelegate.h */,
				75DE2F2D1CFCCD4C0052F8C1 /* FSTUFF_iOSAppDelegate.m */,
				75DE2F351CFCCD4C0052F8C1 /* Main.storyboard */,
				75DE2F381CFCCD4C0052F8C1 /* Assets.xcassets */,
				75DE2F3A1CFCCD4C0052F8C1 /* LaunchScreen.storyboard */,
				75DE2F3D1CFCCD4C0052F8C1 /* Info.plist */,
				75DE2F2A1CFCCD4C0052F8C1 /* FSTUFF_iOSMain.m */,
			);
			path = iOS;
			sourceTree = "<group>";
		};
		75DE2F6A1CFCCE8D0052F8C1 /* iOS */ = {
			isa = PBXGroup;
			children = (
				75DE2F271CFCCD4C0052F8C1 /* FallingStuff_iOS.app */,
				75DE2F411CFCCE3B0052F8C1 /* MetalKit.framework */,
			);
			name = iOS;
			sourceTree = "<group>";
		};
		75DE2F6D1CFCD3D60052F8C1 /* Products */ = {
			isa = PBXGroup;
			children = (
				75DE2F721CFCD3D60052F8C1 /* libGBDeviceInfo.a */,
				75DE2F741CFCD3D60052F8C1 /* GBDeviceInfo.framework */,
			);
			name = Products;
			sourceTree = "<group>";
		};
/* End PBXGroup section */

/* Begin PBXHeadersBuildPhase section */
		759DFD001FF58EEC00F1B2D8 /* Headers */ = {
			isa = PBXHeadersBuildPhase;
			buildActionMask = 2147483647;
			files = (
				7568CB04200FD06200FF086C /* FSTUFF_Constants.h in Headers */,
				759DFD061FF58EEC00F1B2D8 /* FallingStuff_OSXScreenSaverView.h in Headers */,
				7568CB06200FD88A00FF086C /* FSTUFF_Apple.h in Headers */,
				759E7D502191FEE400B679E4 /* FSTUFF_AppleMetal.h in Headers */,
			);
			runOnlyForDeploymentPostprocessing = 0;
		};
/* End PBXHeadersBuildPhase section */

/* Begin PBXNativeTarget section */
		75036FBB1CD540F10017DC04 /* FallingStuff_OSX */ = {
			isa = PBXNativeTarget;
			buildConfigurationList = 75036FD31CD540F10017DC04 /* Build configuration list for PBXNativeTarget "FallingStuff_OSX" */;
			buildPhases = (
				75036FB81CD540F10017DC04 /* Sources */,
				75036FB91CD540F10017DC04 /* Frameworks */,
				75036FBA1CD540F10017DC04 /* Resources */,
			);
			buildRules = (
			);
			dependencies = (
			);
			name = FallingStuff_OSX;
			productName = FallingStuff_OSX;
			productReference = 75036FBC1CD540F10017DC04 /* FallingStuff_OSX.app */;
			productType = "com.apple.product-type.application";
		};
		759DFD021FF58EEC00F1B2D8 /* FallingStuff_OSXScreenSaver */ = {
			isa = PBXNativeTarget;
			buildConfigurationList = 759DFD0E1FF58EEC00F1B2D8 /* Build configuration list for PBXNativeTarget "FallingStuff_OSXScreenSaver" */;
			buildPhases = (
				759DFCFE1FF58EEC00F1B2D8 /* Sources */,
				759DFCFF1FF58EEC00F1B2D8 /* Frameworks */,
				759DFD001FF58EEC00F1B2D8 /* Headers */,
				759DFD011FF58EEC00F1B2D8 /* Resources */,
				759DFD0F1FF5900C00F1B2D8 /* CopyFiles */,
			);
			buildRules = (
			);
			dependencies = (
			);
			name = FallingStuff_OSXScreenSaver;
			productName = FallingStuff_OSXScreenSaver;
			productReference = 759DFD031FF58EEC00F1B2D8 /* FallingStuff_OSXScreenSaver.saver */;
			productType = "com.apple.product-type.bundle";
		};
		75ADD5FA1D035AB10042FC3A /* FallingStuff_iOSGLES */ = {
			isa = PBXNativeTarget;
			buildConfigurationList = 75ADD6171D035AB10042FC3A /* Build configuration list for PBXNativeTarget "FallingStuff_iOSGLES" */;
			buildPhases = (
				75ADD5F71D035AB10042FC3A /* Sources */,
				75ADD5F81D035AB10042FC3A /* Frameworks */,
				75ADD5F91D035AB10042FC3A /* Resources */,
			);
			buildRules = (
			);
			dependencies = (
			);
			name = FallingStuff_iOSGLES;
			productName = FallingStuff_iOSGLES;
			productReference = 75ADD5FB1D035AB10042FC3A /* FallingStuff_iOSGLES.app */;
			productType = "com.apple.product-type.application";
		};
		75DE2F261CFCCD4C0052F8C1 /* FallingStuff_iOS */ = {
			isa = PBXNativeTarget;
			buildConfigurationList = 75DE2F3E1CFCCD4C0052F8C1 /* Build configuration list for PBXNativeTarget "FallingStuff_iOS" */;
			buildPhases = (
				75DE2F231CFCCD4C0052F8C1 /* Sources */,
				75DE2F241CFCCD4C0052F8C1 /* Frameworks */,
				75DE2F251CFCCD4C0052F8C1 /* Resources */,
			);
			buildRules = (
			);
			dependencies = (
			);
			name = FallingStuff_iOS;
			productName = FallingStuff_iOS;
			productReference = 75DE2F271CFCCD4C0052F8C1 /* FallingStuff_iOS.app */;
			productType = "com.apple.product-type.application";
		};
/* End PBXNativeTarget section */

/* Begin PBXProject section */
		75036FB41CD540F10017DC04 /* Project object */ = {
			isa = PBXProject;
			attributes = {
				LastUpgradeCheck = 0920;
				ORGANIZATIONNAME = "David Ludwig";
				TargetAttributes = {
					75036FBB1CD540F10017DC04 = {
						CreatedOnToolsVersion = 7.3;
					};
					759DFD021FF58EEC00F1B2D8 = {
						CreatedOnToolsVersion = 9.2;
						ProvisioningStyle = Automatic;
					};
					75ADD5FA1D035AB10042FC3A = {
						CreatedOnToolsVersion = 7.3.1;
						DevelopmentTeam = 4XR9U555XB;
					};
					75DE2F261CFCCD4C0052F8C1 = {
						CreatedOnToolsVersion = 7.3.1;
						DevelopmentTeam = BA22859WEG;
					};
				};
			};
			buildConfigurationList = 75036FB71CD540F10017DC04 /* Build configuration list for PBXProject "FallingStuff" */;
			compatibilityVersion = "Xcode 3.2";
			developmentRegion = English;
			hasScannedForEncodings = 0;
			knownRegions = (
				en,
				Base,
			);
			mainGroup = 75036FB31CD540F10017DC04;
			productRefGroup = 75036FBD1CD540F10017DC04 /* build */;
			projectDirPath = "";
			projectReferences = (
				{
					ProductGroup = 75DE2F6D1CFCD3D60052F8C1 /* Products */;
					ProjectRef = 75DE2F6C1CFCD3D60052F8C1 /* GBDeviceInfo.xcodeproj */;
				},
			);
			projectRoot = "";
			targets = (
				75036FBB1CD540F10017DC04 /* FallingStuff_OSX */,
				75DE2F261CFCCD4C0052F8C1 /* FallingStuff_iOS */,
				75ADD5FA1D035AB10042FC3A /* FallingStuff_iOSGLES */,
				759DFD021FF58EEC00F1B2D8 /* FallingStuff_OSXScreenSaver */,
			);
		};
/* End PBXProject section */

/* Begin PBXReferenceProxy section */
		75DE2F721CFCD3D60052F8C1 /* libGBDeviceInfo.a */ = {
			isa = PBXReferenceProxy;
			fileType = archive.ar;
			path = libGBDeviceInfo.a;
			remoteRef = 75DE2F711CFCD3D60052F8C1 /* PBXContainerItemProxy */;
			sourceTree = BUILT_PRODUCTS_DIR;
		};
		75DE2F741CFCD3D60052F8C1 /* GBDeviceInfo.framework */ = {
			isa = PBXReferenceProxy;
			fileType = wrapper.framework;
			path = GBDeviceInfo.framework;
			remoteRef = 75DE2F731CFCD3D60052F8C1 /* PBXContainerItemProxy */;
			sourceTree = BUILT_PRODUCTS_DIR;
		};
/* End PBXReferenceProxy section */

/* Begin PBXResourcesBuildPhase section */
		75036FBA1CD540F10017DC04 /* Resources */ = {
			isa = PBXResourcesBuildPhase;
			buildActionMask = 2147483647;
			files = (
				75036FCC1CD540F10017DC04 /* FSTUFF_MacAppAssets.xcassets in Resources */,
				75036FCF1CD540F10017DC04 /* FSTUFF_MacMainMenu.xib in Resources */,
			);
			runOnlyForDeploymentPostprocessing = 0;
		};
		759DFD011FF58EEC00F1B2D8 /* Resources */ = {
			isa = PBXResourcesBuildPhase;
			buildActionMask = 2147483647;
			files = (
			);
			runOnlyForDeploymentPostprocessing = 0;
		};
		75ADD5F91D035AB10042FC3A /* Resources */ = {
			isa = PBXResourcesBuildPhase;
			buildActionMask = 2147483647;
			files = (
				7568CB0D200FEA5900FF086C /* Main.storyboard in Resources */,
				75ADD60E1D035AB10042FC3A /* Assets.xcassets in Resources */,
				75ADD6111D035AB10042FC3A /* LaunchScreen.storyboard in Resources */,
			);
			runOnlyForDeploymentPostprocessing = 0;
		};
		75DE2F251CFCCD4C0052F8C1 /* Resources */ = {
			isa = PBXResourcesBuildPhase;
			buildActionMask = 2147483647;
			files = (
				75DE2F3C1CFCCD4C0052F8C1 /* LaunchScreen.storyboard in Resources */,
				75DE2F391CFCCD4C0052F8C1 /* Assets.xcassets in Resources */,
				75DE2F371CFCCD4C0052F8C1 /* Main.storyboard in Resources */,
			);
			runOnlyForDeploymentPostprocessing = 0;
		};
/* End PBXResourcesBuildPhase section */

/* Begin PBXSourcesBuildPhase section */
		75036FB81CD540F10017DC04 /* Sources */ = {
			isa = PBXSourcesBuildPhase;
			buildActionMask = 2147483647;
			files = (
				7568CBB02011222E00FF086C /* imgui_demo.cpp in Sources */,
				7568CBAF2011220900FF086C /* imgui_draw.cpp in Sources */,
				7568CBAE201121DB00FF086C /* imgui.cpp in Sources */,
				755856231CDFC96F00FC8EA4 /* cpMarch.c in Sources */,
				755856311CDFC96F00FC8EA4 /* cpSpaceHash.c in Sources */,
				7558562F1CDFC96F00FC8EA4 /* cpSpaceComponent.c in Sources */,
				7568CBB3201122E200FF086C /* imgui_impl_mtl.mm in Sources */,
				755856321CDFC96F00FC8EA4 /* cpSpaceQuery.c in Sources */,
				7558562A1CDFC96F00FC8EA4 /* cpRotaryLimitJoint.c in Sources */,
				7558562B1CDFC96F00FC8EA4 /* cpShape.c in Sources */,
				75036FC91CD540F10017DC04 /* FSTUFF_AppleMetalShaders.metal in Sources */,
				7558561C1CDFC96F00FC8EA4 /* cpConstraint.c in Sources */,
				7558562E1CDFC96F00FC8EA4 /* cpSpace.c in Sources */,
				755856331CDFC96F00FC8EA4 /* cpSpaceStep.c in Sources */,
				755856281CDFC96F00FC8EA4 /* cpRatchetJoint.c in Sources */,
				75036FC41CD540F10017DC04 /* FSTUFF_MacMain.m in Sources */,
				759E7D4C2191FEE400B679E4 /* FSTUFF_AppleMetal.mm in Sources */,
				755856291CDFC96F00FC8EA4 /* cpRobust.c in Sources */,
				7558561A1CDFC96F00FC8EA4 /* cpBody.c in Sources */,
				7558561F1CDFC96F00FC8EA4 /* cpGearJoint.c in Sources */,
				7558561E1CDFC96F00FC8EA4 /* cpDampedSpring.c in Sources */,
				755856351CDFC96F00FC8EA4 /* cpSweep1D.c in Sources */,
				755856201CDFC96F00FC8EA4 /* cpGrooveJoint.c in Sources */,
				755856301CDFC96F00FC8EA4 /* cpSpaceDebug.c in Sources */,
				755856251CDFC96F00FC8EA4 /* cpPivotJoint.c in Sources */,
				755856341CDFC96F00FC8EA4 /* cpSpatialIndex.c in Sources */,
				75ADD63C1D035EB20042FC3A /* FSTUFF_Apple.mm in Sources */,
				755856191CDFC96F00FC8EA4 /* cpBBTree.c in Sources */,
				7558561D1CDFC96F00FC8EA4 /* cpDampedRotarySpring.c in Sources */,
				756C8E4F200DB05C0019EA70 /* FSTUFF.cpp in Sources */,
				7558562D1CDFC96F00FC8EA4 /* cpSlideJoint.c in Sources */,
				755856261CDFC96F00FC8EA4 /* cpPolyline.c in Sources */,
				755856171CDFC96F00FC8EA4 /* cpArbiter.c in Sources */,
				755856241CDFC96F00FC8EA4 /* cpPinJoint.c in Sources */,
				755856181CDFC96F00FC8EA4 /* cpArray.c in Sources */,
				7558561B1CDFC96F00FC8EA4 /* cpCollision.c in Sources */,
				7558562C1CDFC96F00FC8EA4 /* cpSimpleMotor.c in Sources */,
				755856221CDFC96F00FC8EA4 /* cpHastySpace.c in Sources */,
				755856271CDFC96F00FC8EA4 /* cpPolyShape.c in Sources */,
				75036FC11CD540F10017DC04 /* FSTUFF_MacAppDelegate.m in Sources */,
				755856161CDFC96F00FC8EA4 /* chipmunk.c in Sources */,
				755856211CDFC96F00FC8EA4 /* cpHashSet.c in Sources */,
			);
			runOnlyForDeploymentPostprocessing = 0;
		};
		759DFCFE1FF58EEC00F1B2D8 /* Sources */ = {
			isa = PBXSourcesBuildPhase;
			buildActionMask = 2147483647;
			files = (
				75EE9FBF20144251004C065B /* imgui_draw.cpp in Sources */,
				759DFD401FF96CCE00F1B2D8 /* FSTUFF_AppleMetalShaders.metal in Sources */,
				759DFD351FF598A000F1B2D8 /* FSTUFF_Apple.mm in Sources */,
				759DFD121FF5987A00F1B2D8 /* chipmunk.c in Sources */,
				759DFD131FF5987A00F1B2D8 /* cpArbiter.c in Sources */,
				759DFD141FF5987A00F1B2D8 /* cpArray.c in Sources */,
				759E7D4F2191FEE400B679E4 /* FSTUFF_AppleMetal.mm in Sources */,
				759DFD151FF5987A00F1B2D8 /* cpBBTree.c in Sources */,
				759DFD161FF5987A00F1B2D8 /* cpBody.c in Sources */,
				759DFD171FF5987A00F1B2D8 /* cpCollision.c in Sources */,
				759DFD181FF5987A00F1B2D8 /* cpConstraint.c in Sources */,
				75EE9FB920144246004C065B /* imgui.cpp in Sources */,
				759DFD191FF5987A00F1B2D8 /* cpDampedRotarySpring.c in Sources */,
				759DFD1A1FF5987A00F1B2D8 /* cpDampedSpring.c in Sources */,
				759DFD1B1FF5987A00F1B2D8 /* cpGearJoint.c in Sources */,
				759DFD1C1FF5987A00F1B2D8 /* cpGrooveJoint.c in Sources */,
				759DFD1D1FF5987A00F1B2D8 /* cpHashSet.c in Sources */,
				759DFD1E1FF5987A00F1B2D8 /* cpHastySpace.c in Sources */,
				759DFD1F1FF5987A00F1B2D8 /* cpMarch.c in Sources */,
				759DFD201FF5987A00F1B2D8 /* cpPinJoint.c in Sources */,
				759DFD211FF5987A00F1B2D8 /* cpPivotJoint.c in Sources */,
				759DFD221FF5987A00F1B2D8 /* cpPolyline.c in Sources */,
				759DFD231FF5987A00F1B2D8 /* cpPolyShape.c in Sources */,
				759DFD241FF5987A00F1B2D8 /* cpRatchetJoint.c in Sources */,
				759DFD251FF5987A00F1B2D8 /* cpRobust.c in Sources */,
				759DFD261FF5987A00F1B2D8 /* cpRotaryLimitJoint.c in Sources */,
				75EE9FC220144259004C065B /* imgui_impl_mtl.mm in Sources */,
				75EE9FBC2014424D004C065B /* imgui_demo.cpp in Sources */,
				759DFD271FF5987A00F1B2D8 /* cpShape.c in Sources */,
				759DFD281FF5987A00F1B2D8 /* cpSimpleMotor.c in Sources */,
				759DFD291FF5987A00F1B2D8 /* cpSlideJoint.c in Sources */,
				759DFD2A1FF5987A00F1B2D8 /* cpSpace.c in Sources */,
				759DFD2B1FF5987A00F1B2D8 /* cpSpaceComponent.c in Sources */,
				759DFD2C1FF5987A00F1B2D8 /* cpSpaceDebug.c in Sources */,
				759DFD2D1FF5987A00F1B2D8 /* cpSpaceHash.c in Sources */,
				759DFD2E1FF5987A00F1B2D8 /* cpSpaceQuery.c in Sources */,
				759DFD2F1FF5987A00F1B2D8 /* cpSpaceStep.c in Sources */,
				759DFD301FF5987A00F1B2D8 /* cpSpatialIndex.c in Sources */,
				756C8E52200DB05C0019EA70 /* FSTUFF.cpp in Sources */,
				759DFD311FF5987A00F1B2D8 /* cpSweep1D.c in Sources */,
				759DFD081FF58EEC00F1B2D8 /* FallingStuff_OSXScreenSaverView.mm in Sources */,
			);
			runOnlyForDeploymentPostprocessing = 0;
		};
		75ADD5F71D035AB10042FC3A /* Sources */ = {
			isa = PBXSourcesBuildPhase;
			buildActionMask = 2147483647;
			files = (
				7568CB0B200FE99500FF086C /* FSTUFF_iOSAppDelegate.m in Sources */,
				75ADD6181D035B600042FC3A /* chipmunk.c in Sources */,
				75ADD6191D035B600042FC3A /* cpArbiter.c in Sources */,
				75ADD61A1D035B600042FC3A /* cpArray.c in Sources */,
				756C8E51200DB05C0019EA70 /* FSTUFF.cpp in Sources */,
				75ADD61B1D035B600042FC3A /* cpBBTree.c in Sources */,
				75ADD61C1D035B600042FC3A /* cpBody.c in Sources */,
				75ADD61D1D035B600042FC3A /* cpCollision.c in Sources */,
				75ADD61E1D035B600042FC3A /* cpConstraint.c in Sources */,
				75ADD61F1D035B600042FC3A /* cpDampedRotarySpring.c in Sources */,
				75ADD6201D035B600042FC3A /* cpDampedSpring.c in Sources */,
				75ADD6211D035B600042FC3A /* cpGearJoint.c in Sources */,
				75ADD6221D035B600042FC3A /* cpGrooveJoint.c in Sources */,
				75ADD63E1D035EB20042FC3A /* FSTUFF_Apple.mm in Sources */,
				75EE9FB820144246004C065B /* imgui.cpp in Sources */,
				75ADD6231D035B600042FC3A /* cpHashSet.c in Sources */,
				759E7D4E2191FEE400B679E4 /* FSTUFF_AppleMetal.mm in Sources */,
				75ADD6241D035B600042FC3A /* cpHastySpace.c in Sources */,
				75ADD6251D035B600042FC3A /* cpMarch.c in Sources */,
				75ADD6261D035B600042FC3A /* cpPinJoint.c in Sources */,
				75ADD6271D035B600042FC3A /* cpPivotJoint.c in Sources */,
				75ADD6281D035B600042FC3A /* cpPolyline.c in Sources */,
				75ADD6291D035B600042FC3A /* cpPolyShape.c in Sources */,
				75ADD62A1D035B600042FC3A /* cpRatchetJoint.c in Sources */,
				75ADD62B1D035B600042FC3A /* cpRobust.c in Sources */,
				75EE9FBE20144251004C065B /* imgui_draw.cpp in Sources */,
				75ADD62C1D035B600042FC3A /* cpRotaryLimitJoint.c in Sources */,
				75ADD62D1D035B600042FC3A /* cpShape.c in Sources */,
				75ADD62E1D035B600042FC3A /* cpSimpleMotor.c in Sources */,
				75ADD62F1D035B600042FC3A /* cpSlideJoint.c in Sources */,
				75ADD6301D035B600042FC3A /* cpSpace.c in Sources */,
				75ADD6311D035B600042FC3A /* cpSpaceComponent.c in Sources */,
				75ADD6321D035B600042FC3A /* cpSpaceDebug.c in Sources */,
				75ADD6331D035B600042FC3A /* cpSpaceHash.c in Sources */,
				75ADD6341D035B600042FC3A /* cpSpaceQuery.c in Sources */,
				75ADD6351D035B600042FC3A /* cpSpaceStep.c in Sources */,
				75ADD6361D035B600042FC3A /* cpSpatialIndex.c in Sources */,
				75ADD6371D035B600042FC3A /* cpSweep1D.c in Sources */,
				75ADD6021D035AB10042FC3A /* FSTUFF_MacAppDelegate.m in Sources */,
				75ADD6091D035AB10042FC3A /* FSTUFF_AppleGL.mm in Sources */,
				75EE9FBB2014424C004C065B /* imgui_demo.cpp in Sources */,
				75ADD5FF1D035AB10042FC3A /* main.m in Sources */,
			);
			runOnlyForDeploymentPostprocessing = 0;
		};
		75DE2F231CFCCD4C0052F8C1 /* Sources */ = {
			isa = PBXSourcesBuildPhase;
			buildActionMask = 2147483647;
			files = (
				75DE2F4A1CFCCE710052F8C1 /* chipmunk.c in Sources */,
				75DE2F4B1CFCCE710052F8C1 /* cpArbiter.c in Sources */,
				75DE2F4C1CFCCE710052F8C1 /* cpArray.c in Sources */,
				75DE2F4D1CFCCE710052F8C1 /* cpBBTree.c in Sources */,
				759E7D4D2191FEE400B679E4 /* FSTUFF_AppleMetal.mm in Sources */,
				75DE2F4E1CFCCE710052F8C1 /* cpBody.c in Sources */,
				75DE2F4F1CFCCE710052F8C1 /* cpCollision.c in Sources */,
				75DE2F501CFCCE710052F8C1 /* cpConstraint.c in Sources */,
				75DE2F511CFCCE710052F8C1 /* cpDampedRotarySpring.c in Sources */,
				75DE2F521CFCCE710052F8C1 /* cpDampedSpring.c in Sources */,
				75DE2F531CFCCE710052F8C1 /* cpGearJoint.c in Sources */,
				75DE2F541CFCCE710052F8C1 /* cpGrooveJoint.c in Sources */,
				75DE2F551CFCCE710052F8C1 /* cpHashSet.c in Sources */,
				75DE2F561CFCCE710052F8C1 /* cpHastySpace.c in Sources */,
				75DE2F571CFCCE710052F8C1 /* cpMarch.c in Sources */,
				75EE9FB720144245004C065B /* imgui.cpp in Sources */,
				75DE2F581CFCCE710052F8C1 /* cpPinJoint.c in Sources */,
				75DE2F591CFCCE710052F8C1 /* cpPivotJoint.c in Sources */,
				75DE2F5A1CFCCE710052F8C1 /* cpPolyline.c in Sources */,
				75DE2F5B1CFCCE710052F8C1 /* cpPolyShape.c in Sources */,
				75DE2F5C1CFCCE710052F8C1 /* cpRatchetJoint.c in Sources */,
				756C8E50200DB05C0019EA70 /* FSTUFF.cpp in Sources */,
				75DE2F5D1CFCCE710052F8C1 /* cpRobust.c in Sources */,
				75DE2F5E1CFCCE710052F8C1 /* cpRotaryLimitJoint.c in Sources */,
				75DE2F5F1CFCCE710052F8C1 /* cpShape.c in Sources */,
				75EE9FBD20144250004C065B /* imgui_draw.cpp in Sources */,
				75DE2F601CFCCE710052F8C1 /* cpSimpleMotor.c in Sources */,
				75DE2F611CFCCE710052F8C1 /* cpSlideJoint.c in Sources */,
				75DE2F621CFCCE710052F8C1 /* cpSpace.c in Sources */,
				75DE2F631CFCCE710052F8C1 /* cpSpaceComponent.c in Sources */,
				75DE2F641CFCCE710052F8C1 /* cpSpaceDebug.c in Sources */,
				75DE2F651CFCCE710052F8C1 /* cpSpaceHash.c in Sources */,
				75EE9FC020144258004C065B /* imgui_impl_mtl.mm in Sources */,
				75DE2F661CFCCE710052F8C1 /* cpSpaceQuery.c in Sources */,
				75DE2F671CFCCE710052F8C1 /* cpSpaceStep.c in Sources */,
				75ADD63D1D035EB20042FC3A /* FSTUFF_Apple.mm in Sources */,
				75DE2F681CFCCE710052F8C1 /* cpSpatialIndex.c in Sources */,
				75DE2F691CFCCE710052F8C1 /* cpSweep1D.c in Sources */,
				75DE2F481CFCCE5C0052F8C1 /* FSTUFF_AppleMetalShaders.metal in Sources */,
				75DE2F491CFCCE5C0052F8C1 /* FSTUFF_AppleMetalStructs.h in Sources */,
				75DE2F2E1CFCCD4C0052F8C1 /* FSTUFF_iOSAppDelegate.m in Sources */,
				75EE9FBA2014424C004C065B /* imgui_demo.cpp in Sources */,
				75DE2F2B1CFCCD4C0052F8C1 /* FSTUFF_iOSMain.m in Sources */,
			);
			runOnlyForDeploymentPostprocessing = 0;
		};
/* End PBXSourcesBuildPhase section */

/* Begin PBXVariantGroup section */
		75036FCD1CD540F10017DC04 /* FSTUFF_MacMainMenu.xib */ = {
			isa = PBXVariantGroup;
			children = (
				75036FCE1CD540F10017DC04 /* Base */,
			);
			name = FSTUFF_MacMainMenu.xib;
			sourceTree = "<group>";
		};
		75ADD60F1D035AB10042FC3A /* LaunchScreen.storyboard */ = {
			isa = PBXVariantGroup;
			children = (
				75ADD6101D035AB10042FC3A /* Base */,
			);
			name = LaunchScreen.storyboard;
			sourceTree = "<group>";
		};
		75DE2F351CFCCD4C0052F8C1 /* Main.storyboard */ = {
			isa = PBXVariantGroup;
			children = (
				75DE2F361CFCCD4C0052F8C1 /* Base */,
			);
			name = Main.storyboard;
			sourceTree = "<group>";
		};
		75DE2F3A1CFCCD4C0052F8C1 /* LaunchScreen.storyboard */ = {
			isa = PBXVariantGroup;
			children = (
				75DE2F3B1CFCCD4C0052F8C1 /* Base */,
			);
			name = LaunchScreen.storyboard;
			sourceTree = "<group>";
		};
/* End PBXVariantGroup section */

/* Begin XCBuildConfiguration section */
		75036FD11CD540F10017DC04 /* Debug */ = {
			isa = XCBuildConfiguration;
			buildSettings = {
				ALWAYS_SEARCH_USER_PATHS = NO;
				CLANG_ANALYZER_NONNULL = YES;
				CLANG_CXX_LANGUAGE_STANDARD = "gnu++0x";
				CLANG_CXX_LIBRARY = "libc++";
				CLANG_ENABLE_MODULES = YES;
				CLANG_ENABLE_OBJC_ARC = YES;
				CLANG_WARN_BLOCK_CAPTURE_AUTORELEASING = YES;
				CLANG_WARN_BOOL_CONVERSION = YES;
				CLANG_WARN_COMMA = YES;
				CLANG_WARN_CONSTANT_CONVERSION = YES;
				CLANG_WARN_DIRECT_OBJC_ISA_USAGE = YES_ERROR;
				CLANG_WARN_EMPTY_BODY = YES;
				CLANG_WARN_ENUM_CONVERSION = YES;
				CLANG_WARN_INFINITE_RECURSION = YES;
				CLANG_WARN_INT_CONVERSION = YES;
				CLANG_WARN_NON_LITERAL_NULL_CONVERSION = YES;
				CLANG_WARN_OBJC_LITERAL_CONVERSION = YES;
				CLANG_WARN_OBJC_ROOT_CLASS = YES_ERROR;
				CLANG_WARN_RANGE_LOOP_ANALYSIS = YES;
				CLANG_WARN_STRICT_PROTOTYPES = YES;
				CLANG_WARN_SUSPICIOUS_MOVE = YES;
				CLANG_WARN_UNREACHABLE_CODE = YES;
				CLANG_WARN__DUPLICATE_METHOD_MATCH = YES;
				CODE_SIGN_IDENTITY = "-";
				COPY_PHASE_STRIP = NO;
				DEBUG_INFORMATION_FORMAT = "dwarf-with-dsym";
				ENABLE_STRICT_OBJC_MSGSEND = YES;
				ENABLE_TESTABILITY = YES;
				GCC_C_LANGUAGE_STANDARD = gnu99;
				GCC_DYNAMIC_NO_PIC = NO;
				GCC_NO_COMMON_BLOCKS = YES;
				GCC_OPTIMIZATION_LEVEL = 0;
				GCC_PREPROCESSOR_DEFINITIONS = (
					"DEBUG=1",
					"$(inherited)",
				);
				GCC_WARN_64_TO_32_BIT_CONVERSION = YES;
				GCC_WARN_ABOUT_RETURN_TYPE = YES_ERROR;
				GCC_WARN_UNDECLARED_SELECTOR = YES;
				GCC_WARN_UNINITIALIZED_AUTOS = YES_AGGRESSIVE;
				GCC_WARN_UNUSED_FUNCTION = YES;
				GCC_WARN_UNUSED_VARIABLE = YES;
				HEADER_SEARCH_PATHS = (
					external/Chipmunk2D/include,
					external/GBDeviceInfo,
					external/imgui,
				);
				MACOSX_DEPLOYMENT_TARGET = 10.11;
				MTL_ENABLE_DEBUG_INFO = YES;
				ONLY_ACTIVE_ARCH = YES;
				SDKROOT = macosx;
			};
			name = Debug;
		};
		75036FD21CD540F10017DC04 /* Release */ = {
			isa = XCBuildConfiguration;
			buildSettings = {
				ALWAYS_SEARCH_USER_PATHS = NO;
				CLANG_ANALYZER_NONNULL = YES;
				CLANG_CXX_LANGUAGE_STANDARD = "gnu++0x";
				CLANG_CXX_LIBRARY = "libc++";
				CLANG_ENABLE_MODULES = YES;
				CLANG_ENABLE_OBJC_ARC = YES;
				CLANG_WARN_BLOCK_CAPTURE_AUTORELEASING = YES;
				CLANG_WARN_BOOL_CONVERSION = YES;
				CLANG_WARN_COMMA = YES;
				CLANG_WARN_CONSTANT_CONVERSION = YES;
				CLANG_WARN_DIRECT_OBJC_ISA_USAGE = YES_ERROR;
				CLANG_WARN_EMPTY_BODY = YES;
				CLANG_WARN_ENUM_CONVERSION = YES;
				CLANG_WARN_INFINITE_RECURSION = YES;
				CLANG_WARN_INT_CONVERSION = YES;
				CLANG_WARN_NON_LITERAL_NULL_CONVERSION = YES;
				CLANG_WARN_OBJC_LITERAL_CONVERSION = YES;
				CLANG_WARN_OBJC_ROOT_CLASS = YES_ERROR;
				CLANG_WARN_RANGE_LOOP_ANALYSIS = YES;
				CLANG_WARN_STRICT_PROTOTYPES = YES;
				CLANG_WARN_SUSPICIOUS_MOVE = YES;
				CLANG_WARN_UNREACHABLE_CODE = YES;
				CLANG_WARN__DUPLICATE_METHOD_MATCH = YES;
				CODE_SIGN_IDENTITY = "-";
				COPY_PHASE_STRIP = NO;
				DEBUG_INFORMATION_FORMAT = "dwarf-with-dsym";
				ENABLE_NS_ASSERTIONS = NO;
				ENABLE_STRICT_OBJC_MSGSEND = YES;
				GCC_C_LANGUAGE_STANDARD = gnu99;
				GCC_NO_COMMON_BLOCKS = YES;
				GCC_PREPROCESSOR_DEFINITIONS = "NDEBUG=1";
				GCC_WARN_64_TO_32_BIT_CONVERSION = YES;
				GCC_WARN_ABOUT_RETURN_TYPE = YES_ERROR;
				GCC_WARN_UNDECLARED_SELECTOR = YES;
				GCC_WARN_UNINITIALIZED_AUTOS = YES_AGGRESSIVE;
				GCC_WARN_UNUSED_FUNCTION = YES;
				GCC_WARN_UNUSED_VARIABLE = YES;
				HEADER_SEARCH_PATHS = (
					external/Chipmunk2D/include,
					external/GBDeviceInfo,
					external/imgui,
				);
				MACOSX_DEPLOYMENT_TARGET = 10.11;
				MTL_ENABLE_DEBUG_INFO = NO;
				SDKROOT = macosx;
			};
			name = Release;
		};
		75036FD41CD540F10017DC04 /* Debug */ = {
			isa = XCBuildConfiguration;
			buildSettings = {
				ASSETCATALOG_COMPILER_APPICON_NAME = AppIcon;
				COMBINE_HIDPI_IMAGES = YES;
				INFOPLIST_FILE = "$(SRCROOT)/src/mac/Info.plist";
				LD_RUNPATH_SEARCH_PATHS = "$(inherited) @executable_path/../Frameworks";
				PRODUCT_BUNDLE_IDENTIFIER = com.dludwig.FallingStuffOSX;
				PRODUCT_NAME = FallingStuff_OSX;
			};
			name = Debug;
		};
		75036FD51CD540F10017DC04 /* Release */ = {
			isa = XCBuildConfiguration;
			buildSettings = {
				ASSETCATALOG_COMPILER_APPICON_NAME = AppIcon;
				COMBINE_HIDPI_IMAGES = YES;
				INFOPLIST_FILE = "$(SRCROOT)/src/mac/Info.plist";
				LD_RUNPATH_SEARCH_PATHS = "$(inherited) @executable_path/../Frameworks";
				PRODUCT_BUNDLE_IDENTIFIER = com.dludwig.FallingStuffOSX;
				PRODUCT_NAME = FallingStuff_OSX;
			};
			name = Release;
		};
		759DFD0A1FF58EEC00F1B2D8 /* Debug */ = {
			isa = XCBuildConfiguration;
			buildSettings = {
				CLANG_ANALYZER_NUMBER_OBJECT_CONVERSION = YES_AGGRESSIVE;
				CLANG_CXX_LANGUAGE_STANDARD = "gnu++14";
				CLANG_WARN_BLOCK_CAPTURE_AUTORELEASING = YES;
				CLANG_WARN_COMMA = YES;
				CLANG_WARN_DOCUMENTATION_COMMENTS = YES;
				CLANG_WARN_INFINITE_RECURSION = YES;
				CLANG_WARN_NON_LITERAL_NULL_CONVERSION = YES;
				CLANG_WARN_OBJC_LITERAL_CONVERSION = YES;
				CLANG_WARN_RANGE_LOOP_ANALYSIS = YES;
				CLANG_WARN_STRICT_PROTOTYPES = YES;
				CLANG_WARN_SUSPICIOUS_MOVE = YES;
				CLANG_WARN_UNGUARDED_AVAILABILITY = YES_AGGRESSIVE;
				CODE_SIGN_STYLE = Automatic;
				COMBINE_HIDPI_IMAGES = YES;
				DEBUG_INFORMATION_FORMAT = dwarf;
				GCC_C_LANGUAGE_STANDARD = gnu11;
				INFOPLIST_FILE = FallingStuff_OSXScreenSaver/Info.plist;
				INSTALL_PATH = "$(HOME)/Library/Screen Savers";
				MACOSX_DEPLOYMENT_TARGET = 10.13;
				PRODUCT_BUNDLE_IDENTIFIER = "com.davidludwig.FallingStuff-OSXScreenSaver";
				PRODUCT_NAME = "$(TARGET_NAME)";
				WRAPPER_EXTENSION = saver;
			};
			name = Debug;
		};
		759DFD0B1FF58EEC00F1B2D8 /* Release */ = {
			isa = XCBuildConfiguration;
			buildSettings = {
				CLANG_ANALYZER_NUMBER_OBJECT_CONVERSION = YES_AGGRESSIVE;
				CLANG_CXX_LANGUAGE_STANDARD = "gnu++14";
				CLANG_WARN_BLOCK_CAPTURE_AUTORELEASING = YES;
				CLANG_WARN_COMMA = YES;
				CLANG_WARN_DOCUMENTATION_COMMENTS = YES;
				CLANG_WARN_INFINITE_RECURSION = YES;
				CLANG_WARN_NON_LITERAL_NULL_CONVERSION = YES;
				CLANG_WARN_OBJC_LITERAL_CONVERSION = YES;
				CLANG_WARN_RANGE_LOOP_ANALYSIS = YES;
				CLANG_WARN_STRICT_PROTOTYPES = YES;
				CLANG_WARN_SUSPICIOUS_MOVE = YES;
				CLANG_WARN_UNGUARDED_AVAILABILITY = YES_AGGRESSIVE;
				CODE_SIGN_STYLE = Automatic;
				COMBINE_HIDPI_IMAGES = YES;
				GCC_C_LANGUAGE_STANDARD = gnu11;
				INFOPLIST_FILE = FallingStuff_OSXScreenSaver/Info.plist;
				INSTALL_PATH = "$(HOME)/Library/Screen Savers";
				MACOSX_DEPLOYMENT_TARGET = 10.13;
				PRODUCT_BUNDLE_IDENTIFIER = "com.davidludwig.FallingStuff-OSXScreenSaver";
				PRODUCT_NAME = "$(TARGET_NAME)";
				WRAPPER_EXTENSION = saver;
			};
			name = Release;
		};
		75ADD6131D035AB10042FC3A /* Debug */ = {
			isa = XCBuildConfiguration;
			buildSettings = {
				ASSETCATALOG_COMPILER_APPICON_NAME = AppIcon;
				"CODE_SIGN_IDENTITY[sdk=iphoneos*]" = "iPhone Developer";
				DEVELOPMENT_TEAM = 4XR9U555XB;
				GCC_PREPROCESSOR_DEFINITIONS = (
					"$(inherited)",
					"FSTUFF_USE_METAL=0",
				);
				INFOPLIST_FILE = FallingStuff_iOSGLES/Info.plist;
				IPHONEOS_DEPLOYMENT_TARGET = 9.3;
				LD_RUNPATH_SEARCH_PATHS = "$(inherited) @executable_path/Frameworks";
				PRODUCT_BUNDLE_IDENTIFIER = "com.dludwig.FallingStuff-iOSGLES";
				PRODUCT_NAME = "$(TARGET_NAME)";
				SDKROOT = iphoneos;
				TARGETED_DEVICE_FAMILY = "1,2";
			};
			name = Debug;
		};
		75ADD6141D035AB10042FC3A /* Release */ = {
			isa = XCBuildConfiguration;
			buildSettings = {
				ASSETCATALOG_COMPILER_APPICON_NAME = AppIcon;
				"CODE_SIGN_IDENTITY[sdk=iphoneos*]" = "iPhone Developer";
				DEVELOPMENT_TEAM = 4XR9U555XB;
				GCC_PREPROCESSOR_DEFINITIONS = (
					"$(inherited)",
					"FSTUFF_USE_METAL=0",
				);
				INFOPLIST_FILE = FallingStuff_iOSGLES/Info.plist;
				IPHONEOS_DEPLOYMENT_TARGET = 9.3;
				LD_RUNPATH_SEARCH_PATHS = "$(inherited) @executable_path/Frameworks";
				PRODUCT_BUNDLE_IDENTIFIER = "com.dludwig.FallingStuff-iOSGLES";
				PRODUCT_NAME = "$(TARGET_NAME)";
				SDKROOT = iphoneos;
				TARGETED_DEVICE_FAMILY = "1,2";
				VALIDATE_PRODUCT = YES;
			};
			name = Release;
		};
		75DE2F3F1CFCCD4C0052F8C1 /* Debug */ = {
			isa = XCBuildConfiguration;
			buildSettings = {
				ASSETCATALOG_COMPILER_APPICON_NAME = AppIcon;
				"CODE_SIGN_IDENTITY[sdk=iphoneos*]" = "iPhone Developer";
				DEVELOPMENT_TEAM = BA22859WEG;
				INFOPLIST_FILE = "$(SRCROOT)/src/iOS/Info.plist";
				IPHONEOS_DEPLOYMENT_TARGET = 9.0;
				LD_RUNPATH_SEARCH_PATHS = "$(inherited) @executable_path/Frameworks";
				PRODUCT_BUNDLE_IDENTIFIER = com.dludwig.FallingStuffiOS;
				PRODUCT_NAME = "$(TARGET_NAME)";
				SDKROOT = iphoneos;
				TARGETED_DEVICE_FAMILY = "1,2";
			};
			name = Debug;
		};
		75DE2F401CFCCD4C0052F8C1 /* Release */ = {
			isa = XCBuildConfiguration;
			buildSettings = {
				ASSETCATALOG_COMPILER_APPICON_NAME = AppIcon;
				"CODE_SIGN_IDENTITY[sdk=iphoneos*]" = "iPhone Developer";
				DEVELOPMENT_TEAM = BA22859WEG;
				INFOPLIST_FILE = "$(SRCROOT)/src/iOS/Info.plist";
				IPHONEOS_DEPLOYMENT_TARGET = 9.0;
				LD_RUNPATH_SEARCH_PATHS = "$(inherited) @executable_path/Frameworks";
				PRODUCT_BUNDLE_IDENTIFIER = com.dludwig.FallingStuffiOS;
				PRODUCT_NAME = "$(TARGET_NAME)";
				SDKROOT = iphoneos;
				TARGETED_DEVICE_FAMILY = "1,2";
				VALIDATE_PRODUCT = YES;
			};
			name = Release;
		};
/* End XCBuildConfiguration section */

/* Begin XCConfigurationList section */
		75036FB71CD540F10017DC04 /* Build configuration list for PBXProject "FallingStuff" */ = {
			isa = XCConfigurationList;
			buildConfigurations = (
				75036FD11CD540F10017DC04 /* Debug */,
				75036FD21CD540F10017DC04 /* Release */,
			);
			defaultConfigurationIsVisible = 0;
			defaultConfigurationName = Release;
		};
		75036FD31CD540F10017DC04 /* Build configuration list for PBXNativeTarget "FallingStuff_OSX" */ = {
			isa = XCConfigurationList;
			buildConfigurations = (
				75036FD41CD540F10017DC04 /* Debug */,
				75036FD51CD540F10017DC04 /* Release */,
			);
			defaultConfigurationIsVisible = 0;
			defaultConfigurationName = Release;
		};
		759DFD0E1FF58EEC00F1B2D8 /* Build configuration list for PBXNativeTarget "FallingStuff_OSXScreenSaver" */ = {
			isa = XCConfigurationList;
			buildConfigurations = (
				759DFD0A1FF58EEC00F1B2D8 /* Debug */,
				759DFD0B1FF58EEC00F1B2D8 /* Release */,
			);
			defaultConfigurationIsVisible = 0;
			defaultConfigurationName = Release;
		};
		75ADD6171D035AB10042FC3A /* Build configuration list for PBXNativeTarget "FallingStuff_iOSGLES" */ = {
			isa = XCConfigurationList;
			buildConfigurations = (
				75ADD6131D035AB10042FC3A /* Debug */,
				75ADD6141D035AB10042FC3A /* Release */,
			);
			defaultConfigurationIsVisible = 0;
			defaultConfigurationName = Release;
		};
		75DE2F3E1CFCCD4C0052F8C1 /* Build configuration list for PBXNativeTarget "FallingStuff_iOS" */ = {
			isa = XCConfigurationList;
			buildConfigurations = (
				75DE2F3F1CFCCD4C0052F8C1 /* Debug */,
				75DE2F401CFCCD4C0052F8C1 /* Release */,
			);
			defaultConfigurationIsVisible = 0;
			defaultConfigurationName = Release;
		};
/* End XCConfigurationList section */
	};
	rootObject = 75036FB41CD540F10017DC04 /* Project object */;
}
